// !$*UTF8*$!
{
	archiveVersion = 1;
	classes = {
	};
	objectVersion = 46;
	objects = {

/* Begin PBXBuildFile section */
		D51626CE13F86C7D00BDB710 /* UIKit.framework in Frameworks */ = {isa = PBXBuildFile; fileRef = D51626CD13F86C7D00BDB710 /* UIKit.framework */; };
		D51626D013F86C7D00BDB710 /* Foundation.framework in Frameworks */ = {isa = PBXBuildFile; fileRef = D51626CF13F86C7D00BDB710 /* Foundation.framework */; };
		D51626D213F86C7D00BDB710 /* CoreGraphics.framework in Frameworks */ = {isa = PBXBuildFile; fileRef = D51626D113F86C7D00BDB710 /* CoreGraphics.framework */; };
		D51626D413F86C7D00BDB710 /* CoreData.framework in Frameworks */ = {isa = PBXBuildFile; fileRef = D51626D313F86C7D00BDB710 /* CoreData.framework */; };
		D51626DA13F86C7D00BDB710 /* InfoPlist.strings in Resources */ = {isa = PBXBuildFile; fileRef = D51626D813F86C7D00BDB710 /* InfoPlist.strings */; };
		D51626DC13F86C7D00BDB710 /* main.m in Sources */ = {isa = PBXBuildFile; fileRef = D51626DB13F86C7D00BDB710 /* main.m */; };
		D51626E013F86C7D00BDB710 /* Miscellany_NewsAppDelegate.m in Sources */ = {isa = PBXBuildFile; fileRef = D51626DF13F86C7D00BDB710 /* Miscellany_NewsAppDelegate.m */; };
		D51626E313F86C7D00BDB710 /* Miscellany_News.xcdatamodeld in Sources */ = {isa = PBXBuildFile; fileRef = D51626E113F86C7D00BDB710 /* Miscellany_News.xcdatamodeld */; };
		D51626E613F86C7D00BDB710 /* MainWindow.xib in Resources */ = {isa = PBXBuildFile; fileRef = D51626E413F86C7D00BDB710 /* MainWindow.xib */; };
		D51626E913F86C7D00BDB710 /* RootViewController.m in Sources */ = {isa = PBXBuildFile; fileRef = D51626E813F86C7D00BDB710 /* RootViewController.m */; };
		D51626EC13F86C7D00BDB710 /* RootViewController.xib in Resources */ = {isa = PBXBuildFile; fileRef = D51626EA13F86C7D00BDB710 /* RootViewController.xib */; };
		D516274013F88F9000BDB710 /* RSSEntry.m in Sources */ = {isa = PBXBuildFile; fileRef = D516273F13F88F9000BDB710 /* RSSEntry.m */; };
		D51627BC13F8B98A00BDB710 /* NSArray+Extras.m in Sources */ = {isa = PBXBuildFile; fileRef = D51627BB13F8B98A00BDB710 /* NSArray+Extras.m */; };
		D51627CF13F8B9F100BDB710 /* GTMNSString+HTML.m in Sources */ = {isa = PBXBuildFile; fileRef = D51627C113F8B9F100BDB710 /* GTMNSString+HTML.m */; };
		D51627D013F8B9F100BDB710 /* NSDate+InternetDateTime.m in Sources */ = {isa = PBXBuildFile; fileRef = D51627C313F8B9F100BDB710 /* NSDate+InternetDateTime.m */; };
		D51627D113F8B9F100BDB710 /* NSString+HTML.m in Sources */ = {isa = PBXBuildFile; fileRef = D51627C513F8B9F100BDB710 /* NSString+HTML.m */; };
		D51627D213F8B9F100BDB710 /* NSString+XMLEntities.m in Sources */ = {isa = PBXBuildFile; fileRef = D51627C713F8B9F100BDB710 /* NSString+XMLEntities.m */; };
		D51627D313F8B9F100BDB710 /* MWFeedInfo.m in Sources */ = {isa = PBXBuildFile; fileRef = D51627C913F8B9F100BDB710 /* MWFeedInfo.m */; };
		D51627D413F8B9F100BDB710 /* MWFeedItem.m in Sources */ = {isa = PBXBuildFile; fileRef = D51627CB13F8B9F100BDB710 /* MWFeedItem.m */; };
		D51627D513F8B9F100BDB710 /* MWFeedParser.m in Sources */ = {isa = PBXBuildFile; fileRef = D51627CD13F8B9F100BDB710 /* MWFeedParser.m */; };
		D51627E013F8C16D00BDB710 /* TFHpple.m in Sources */ = {isa = PBXBuildFile; fileRef = D51627DB13F8C16D00BDB710 /* TFHpple.m */; };
		D51627E113F8C16D00BDB710 /* TFHppleElement.m in Sources */ = {isa = PBXBuildFile; fileRef = D51627DD13F8C16D00BDB710 /* TFHppleElement.m */; };
		D51627E213F8C16D00BDB710 /* XPathQuery.m in Sources */ = {isa = PBXBuildFile; fileRef = D51627DF13F8C16D00BDB710 /* XPathQuery.m */; };
		D51627E513F8C2CE00BDB710 /* libxml2.2.dylib in Frameworks */ = {isa = PBXBuildFile; fileRef = D51627E413F8C2CE00BDB710 /* libxml2.2.dylib */; };
		D51627EF13F8C9BD00BDB710 /* MBProgressHUD.m in Sources */ = {isa = PBXBuildFile; fileRef = D51627EE13F8C9BD00BDB710 /* MBProgressHUD.m */; };
		D5204FAD13F9460A008974FF /* QuartzCore.framework in Frameworks */ = {isa = PBXBuildFile; fileRef = D5204FAC13F9460A008974FF /* QuartzCore.framework */; };
		D5AAE35F13FC0F1F0056EE4D /* UIView+JMNoise.m in Sources */ = {isa = PBXBuildFile; fileRef = D5AAE35E13FC0F1F0056EE4D /* UIView+JMNoise.m */; };
		D5AAE36313FC0FB10056EE4D /* ArticleViewController.m in Sources */ = {isa = PBXBuildFile; fileRef = D5AAE36113FC0FB10056EE4D /* ArticleViewController.m */; };
		D5AAE36413FC0FB10056EE4D /* ArticleViewController.xib in Resources */ = {isa = PBXBuildFile; fileRef = D5AAE36213FC0FB10056EE4D /* ArticleViewController.xib */; };
		D5AAE36713FC11920056EE4D /* NSString+JDS.m in Sources */ = {isa = PBXBuildFile; fileRef = D5AAE36613FC11920056EE4D /* NSString+JDS.m */; };
		D5C20A9213FEBE0900420DFC /* Constants.m in Sources */ = {isa = PBXBuildFile; fileRef = D5C20A9113FEBE0900420DFC /* Constants.m */; };
		D5F0B8CD13FBB2C20004D6F0 /* RSSArticleParser.m in Sources */ = {isa = PBXBuildFile; fileRef = D5F0B8CC13FBB2C20004D6F0 /* RSSArticleParser.m */; };
/* End PBXBuildFile section */

/* Begin PBXFileReference section */
		D51626C913F86C7D00BDB710 /* Miscellany News.app */ = {isa = PBXFileReference; explicitFileType = wrapper.application; includeInIndex = 0; path = "Miscellany News.app"; sourceTree = BUILT_PRODUCTS_DIR; };
		D51626CD13F86C7D00BDB710 /* UIKit.framework */ = {isa = PBXFileReference; lastKnownFileType = wrapper.framework; name = UIKit.framework; path = System/Library/Frameworks/UIKit.framework; sourceTree = SDKROOT; };
		D51626CF13F86C7D00BDB710 /* Foundation.framework */ = {isa = PBXFileReference; lastKnownFileType = wrapper.framework; name = Foundation.framework; path = System/Library/Frameworks/Foundation.framework; sourceTree = SDKROOT; };
		D51626D113F86C7D00BDB710 /* CoreGraphics.framework */ = {isa = PBXFileReference; lastKnownFileType = wrapper.framework; name = CoreGraphics.framework; path = System/Library/Frameworks/CoreGraphics.framework; sourceTree = SDKROOT; };
		D51626D313F86C7D00BDB710 /* CoreData.framework */ = {isa = PBXFileReference; lastKnownFileType = wrapper.framework; name = CoreData.framework; path = System/Library/Frameworks/CoreData.framework; sourceTree = SDKROOT; };
		D51626D713F86C7D00BDB710 /* Miscellany News-Info.plist */ = {isa = PBXFileReference; lastKnownFileType = text.plist.xml; name = "Miscellany News-Info.plist"; path = "Miscellany News/Miscellany News-Info.plist"; sourceTree = "<group>"; };
		D51626D913F86C7D00BDB710 /* en */ = {isa = PBXFileReference; lastKnownFileType = text.plist.strings; name = en; path = en.lproj/InfoPlist.strings; sourceTree = "<group>"; };
		D51626DB13F86C7D00BDB710 /* main.m */ = {isa = PBXFileReference; lastKnownFileType = sourcecode.c.objc; name = main.m; path = "Miscellany News/main.m"; sourceTree = "<group>"; };
		D51626DD13F86C7D00BDB710 /* Miscellany News-Prefix.pch */ = {isa = PBXFileReference; lastKnownFileType = sourcecode.c.h; name = "Miscellany News-Prefix.pch"; path = "Miscellany News/Miscellany News-Prefix.pch"; sourceTree = "<group>"; };
		D51626DE13F86C7D00BDB710 /* Miscellany_NewsAppDelegate.h */ = {isa = PBXFileReference; lastKnownFileType = sourcecode.c.h; name = Miscellany_NewsAppDelegate.h; path = "Miscellany News/Miscellany_NewsAppDelegate.h"; sourceTree = "<group>"; };
		D51626DF13F86C7D00BDB710 /* Miscellany_NewsAppDelegate.m */ = {isa = PBXFileReference; lastKnownFileType = sourcecode.c.objc; name = Miscellany_NewsAppDelegate.m; path = "Miscellany News/Miscellany_NewsAppDelegate.m"; sourceTree = "<group>"; };
		D51626E213F86C7D00BDB710 /* Miscellany_News.xcdatamodel */ = {isa = PBXFileReference; lastKnownFileType = wrapper.xcdatamodel; path = Miscellany_News.xcdatamodel; sourceTree = "<group>"; };
		D51626E513F86C7D00BDB710 /* en */ = {isa = PBXFileReference; lastKnownFileType = file.xib; name = en; path = en.lproj/MainWindow.xib; sourceTree = "<group>"; };
		D51626E713F86C7D00BDB710 /* RootViewController.h */ = {isa = PBXFileReference; lastKnownFileType = sourcecode.c.h; name = RootViewController.h; path = "Miscellany News/RootViewController.h"; sourceTree = "<group>"; };
		D51626E813F86C7D00BDB710 /* RootViewController.m */ = {isa = PBXFileReference; lastKnownFileType = sourcecode.c.objc; name = RootViewController.m; path = "Miscellany News/RootViewController.m"; sourceTree = "<group>"; };
		D51626EB13F86C7D00BDB710 /* en */ = {isa = PBXFileReference; lastKnownFileType = file.xib; name = en; path = en.lproj/RootViewController.xib; sourceTree = "<group>"; };
		D516273E13F88F9000BDB710 /* RSSEntry.h */ = {isa = PBXFileReference; fileEncoding = 4; lastKnownFileType = sourcecode.c.h; name = RSSEntry.h; path = "Miscellany News/RSS Model/RSSEntry.h"; sourceTree = "<group>"; };
		D516273F13F88F9000BDB710 /* RSSEntry.m */ = {isa = PBXFileReference; fileEncoding = 4; lastKnownFileType = sourcecode.c.objc; name = RSSEntry.m; path = "Miscellany News/RSS Model/RSSEntry.m"; sourceTree = "<group>"; };
		D51627BA13F8B98A00BDB710 /* NSArray+Extras.h */ = {isa = PBXFileReference; fileEncoding = 4; lastKnownFileType = sourcecode.c.h; name = "NSArray+Extras.h"; path = "Miscellany News/NSArray+Extras.h"; sourceTree = "<group>"; };
		D51627BB13F8B98A00BDB710 /* NSArray+Extras.m */ = {isa = PBXFileReference; fileEncoding = 4; lastKnownFileType = sourcecode.c.objc; name = "NSArray+Extras.m"; path = "Miscellany News/NSArray+Extras.m"; sourceTree = "<group>"; };
		D51627BF13F8B9F100BDB710 /* GTMDefines.h */ = {isa = PBXFileReference; fileEncoding = 4; lastKnownFileType = sourcecode.c.h; path = GTMDefines.h; sourceTree = "<group>"; };
		D51627C013F8B9F100BDB710 /* GTMNSString+HTML.h */ = {isa = PBXFileReference; fileEncoding = 4; lastKnownFileType = sourcecode.c.h; path = "GTMNSString+HTML.h"; sourceTree = "<group>"; };
		D51627C113F8B9F100BDB710 /* GTMNSString+HTML.m */ = {isa = PBXFileReference; fileEncoding = 4; lastKnownFileType = sourcecode.c.objc; path = "GTMNSString+HTML.m"; sourceTree = "<group>"; };
		D51627C213F8B9F100BDB710 /* NSDate+InternetDateTime.h */ = {isa = PBXFileReference; fileEncoding = 4; lastKnownFileType = sourcecode.c.h; path = "NSDate+InternetDateTime.h"; sourceTree = "<group>"; };
		D51627C313F8B9F100BDB710 /* NSDate+InternetDateTime.m */ = {isa = PBXFileReference; fileEncoding = 4; lastKnownFileType = sourcecode.c.objc; path = "NSDate+InternetDateTime.m"; sourceTree = "<group>"; };
		D51627C413F8B9F100BDB710 /* NSString+HTML.h */ = {isa = PBXFileReference; fileEncoding = 4; lastKnownFileType = sourcecode.c.h; path = "NSString+HTML.h"; sourceTree = "<group>"; };
		D51627C513F8B9F100BDB710 /* NSString+HTML.m */ = {isa = PBXFileReference; fileEncoding = 4; lastKnownFileType = sourcecode.c.objc; path = "NSString+HTML.m"; sourceTree = "<group>"; };
		D51627C613F8B9F100BDB710 /* NSString+XMLEntities.h */ = {isa = PBXFileReference; fileEncoding = 4; lastKnownFileType = sourcecode.c.h; path = "NSString+XMLEntities.h"; sourceTree = "<group>"; };
		D51627C713F8B9F100BDB710 /* NSString+XMLEntities.m */ = {isa = PBXFileReference; fileEncoding = 4; lastKnownFileType = sourcecode.c.objc; path = "NSString+XMLEntities.m"; sourceTree = "<group>"; };
		D51627C813F8B9F100BDB710 /* MWFeedInfo.h */ = {isa = PBXFileReference; fileEncoding = 4; lastKnownFileType = sourcecode.c.h; path = MWFeedInfo.h; sourceTree = "<group>"; };
		D51627C913F8B9F100BDB710 /* MWFeedInfo.m */ = {isa = PBXFileReference; fileEncoding = 4; lastKnownFileType = sourcecode.c.objc; path = MWFeedInfo.m; sourceTree = "<group>"; };
		D51627CA13F8B9F100BDB710 /* MWFeedItem.h */ = {isa = PBXFileReference; fileEncoding = 4; lastKnownFileType = sourcecode.c.h; path = MWFeedItem.h; sourceTree = "<group>"; };
		D51627CB13F8B9F100BDB710 /* MWFeedItem.m */ = {isa = PBXFileReference; fileEncoding = 4; lastKnownFileType = sourcecode.c.objc; path = MWFeedItem.m; sourceTree = "<group>"; };
		D51627CC13F8B9F100BDB710 /* MWFeedParser.h */ = {isa = PBXFileReference; fileEncoding = 4; lastKnownFileType = sourcecode.c.h; path = MWFeedParser.h; sourceTree = "<group>"; };
		D51627CD13F8B9F100BDB710 /* MWFeedParser.m */ = {isa = PBXFileReference; fileEncoding = 4; lastKnownFileType = sourcecode.c.objc; path = MWFeedParser.m; sourceTree = "<group>"; };
		D51627CE13F8B9F100BDB710 /* MWFeedParser_Private.h */ = {isa = PBXFileReference; fileEncoding = 4; lastKnownFileType = sourcecode.c.h; path = MWFeedParser_Private.h; sourceTree = "<group>"; };
		D51627DA13F8C16D00BDB710 /* TFHpple.h */ = {isa = PBXFileReference; fileEncoding = 4; lastKnownFileType = sourcecode.c.h; path = TFHpple.h; sourceTree = "<group>"; };
		D51627DB13F8C16D00BDB710 /* TFHpple.m */ = {isa = PBXFileReference; fileEncoding = 4; lastKnownFileType = sourcecode.c.objc; path = TFHpple.m; sourceTree = "<group>"; };
		D51627DC13F8C16D00BDB710 /* TFHppleElement.h */ = {isa = PBXFileReference; fileEncoding = 4; lastKnownFileType = sourcecode.c.h; path = TFHppleElement.h; sourceTree = "<group>"; };
		D51627DD13F8C16D00BDB710 /* TFHppleElement.m */ = {isa = PBXFileReference; fileEncoding = 4; lastKnownFileType = sourcecode.c.objc; path = TFHppleElement.m; sourceTree = "<group>"; };
		D51627DE13F8C16D00BDB710 /* XPathQuery.h */ = {isa = PBXFileReference; fileEncoding = 4; lastKnownFileType = sourcecode.c.h; path = XPathQuery.h; sourceTree = "<group>"; };
		D51627DF13F8C16D00BDB710 /* XPathQuery.m */ = {isa = PBXFileReference; fileEncoding = 4; lastKnownFileType = sourcecode.c.objc; path = XPathQuery.m; sourceTree = "<group>"; };
		D51627E413F8C2CE00BDB710 /* libxml2.2.dylib */ = {isa = PBXFileReference; lastKnownFileType = "compiled.mach-o.dylib"; name = libxml2.2.dylib; path = usr/lib/libxml2.2.dylib; sourceTree = SDKROOT; };
		D51627EA13F8C80100BDB710 /* RSSArticleParser.h */ = {isa = PBXFileReference; fileEncoding = 4; lastKnownFileType = sourcecode.c.h; name = RSSArticleParser.h; path = "Miscellany News/RSS Model/RSSArticleParser.h"; sourceTree = "<group>"; };
		D51627ED13F8C9BD00BDB710 /* MBProgressHUD.h */ = {isa = PBXFileReference; fileEncoding = 4; lastKnownFileType = sourcecode.c.h; path = MBProgressHUD.h; sourceTree = "<group>"; };
		D51627EE13F8C9BD00BDB710 /* MBProgressHUD.m */ = {isa = PBXFileReference; fileEncoding = 4; lastKnownFileType = sourcecode.c.objc; path = MBProgressHUD.m; sourceTree = "<group>"; };
		D5204FAC13F9460A008974FF /* QuartzCore.framework */ = {isa = PBXFileReference; lastKnownFileType = wrapper.framework; name = QuartzCore.framework; path = System/Library/Frameworks/QuartzCore.framework; sourceTree = SDKROOT; };
		D5AAE35D13FC0F1F0056EE4D /* UIView+JMNoise.h */ = {isa = PBXFileReference; fileEncoding = 4; lastKnownFileType = sourcecode.c.h; path = "UIView+JMNoise.h"; sourceTree = "<group>"; };
		D5AAE35E13FC0F1F0056EE4D /* UIView+JMNoise.m */ = {isa = PBXFileReference; fileEncoding = 4; lastKnownFileType = sourcecode.c.objc; path = "UIView+JMNoise.m"; sourceTree = "<group>"; };
		D5AAE36013FC0FB10056EE4D /* ArticleViewController.h */ = {isa = PBXFileReference; fileEncoding = 4; lastKnownFileType = sourcecode.c.h; name = ArticleViewController.h; path = "Miscellany News/ArticleViewController.h"; sourceTree = "<group>"; };
		D5AAE36113FC0FB10056EE4D /* ArticleViewController.m */ = {isa = PBXFileReference; fileEncoding = 4; lastKnownFileType = sourcecode.c.objc; name = ArticleViewController.m; path = "Miscellany News/ArticleViewController.m"; sourceTree = "<group>"; };
		D5AAE36213FC0FB10056EE4D /* ArticleViewController.xib */ = {isa = PBXFileReference; fileEncoding = 4; lastKnownFileType = file.xib; name = ArticleViewController.xib; path = "Miscellany News/ArticleViewController.xib"; sourceTree = "<group>"; };
		D5AAE36513FC11920056EE4D /* NSString+JDS.h */ = {isa = PBXFileReference; fileEncoding = 4; lastKnownFileType = sourcecode.c.h; name = "NSString+JDS.h"; path = "Miscellany News/NSString+JDS.h"; sourceTree = "<group>"; };
		D5AAE36613FC11920056EE4D /* NSString+JDS.m */ = {isa = PBXFileReference; fileEncoding = 4; lastKnownFileType = sourcecode.c.objc; name = "NSString+JDS.m"; path = "Miscellany News/NSString+JDS.m"; sourceTree = "<group>"; };
		D5C20A9013FEBE0900420DFC /* Constants.h */ = {isa = PBXFileReference; fileEncoding = 4; lastKnownFileType = sourcecode.c.h; name = Constants.h; path = "Miscellany News/Constants.h"; sourceTree = "<group>"; };
		D5C20A9113FEBE0900420DFC /* Constants.m */ = {isa = PBXFileReference; fileEncoding = 4; lastKnownFileType = sourcecode.c.objc; name = Constants.m; path = "Miscellany News/Constants.m"; sourceTree = "<group>"; };
		D5F0B8CC13FBB2C20004D6F0 /* RSSArticleParser.m */ = {isa = PBXFileReference; fileEncoding = 4; lastKnownFileType = sourcecode.c.objc; name = RSSArticleParser.m; path = "Miscellany News/RSS Model/RSSArticleParser.m"; sourceTree = "<group>"; };
/* End PBXFileReference section */

/* Begin PBXFrameworksBuildPhase section */
		D51626C613F86C7D00BDB710 /* Frameworks */ = {
			isa = PBXFrameworksBuildPhase;
			buildActionMask = 2147483647;
			files = (
				D5204FAD13F9460A008974FF /* QuartzCore.framework in Frameworks */,
				D51627E513F8C2CE00BDB710 /* libxml2.2.dylib in Frameworks */,
				D51626CE13F86C7D00BDB710 /* UIKit.framework in Frameworks */,
				D51626D013F86C7D00BDB710 /* Foundation.framework in Frameworks */,
				D51626D213F86C7D00BDB710 /* CoreGraphics.framework in Frameworks */,
				D51626D413F86C7D00BDB710 /* CoreData.framework in Frameworks */,
			);
			runOnlyForDeploymentPostprocessing = 0;
		};
/* End PBXFrameworksBuildPhase section */

/* Begin PBXGroup section */
		D51626BE13F86C7D00BDB710 = {
			isa = PBXGroup;
			children = (
				D5C20A9013FEBE0900420DFC /* Constants.h */,
				D5C20A9113FEBE0900420DFC /* Constants.m */,
				D5204FAC13F9460A008974FF /* QuartzCore.framework */,
				D51627E313F8C17C00BDB710 /* Libraries */,
				D516276913F8ACE300BDB710 /* Categories */,
				D516271313F8867F00BDB710 /* RSS Model */,
				D516271213F8867100BDB710 /* Views */,
				D516271113F8865000BDB710 /* Controllers */,
				D516270913F884A300BDB710 /* Classes */,
				D516270A13F884B700BDB710 /* Other Sources */,
				D516270B13F884C100BDB710 /* Resources */,
				D51626CC13F86C7D00BDB710 /* Frameworks */,
				D51626CA13F86C7D00BDB710 /* Products */,
			);
			sourceTree = "<group>";
		};
		D51626CA13F86C7D00BDB710 /* Products */ = {
			isa = PBXGroup;
			children = (
				D51626C913F86C7D00BDB710 /* Miscellany News.app */,
			);
			name = Products;
			sourceTree = "<group>";
		};
		D51626CC13F86C7D00BDB710 /* Frameworks */ = {
			isa = PBXGroup;
			children = (
				D51626CD13F86C7D00BDB710 /* UIKit.framework */,
				D51626CF13F86C7D00BDB710 /* Foundation.framework */,
				D51626D113F86C7D00BDB710 /* CoreGraphics.framework */,
				D51626D313F86C7D00BDB710 /* CoreData.framework */,
			);
			name = Frameworks;
			sourceTree = "<group>";
		};
		D516270913F884A300BDB710 /* Classes */ = {
			isa = PBXGroup;
			children = (
				D51626DE13F86C7D00BDB710 /* Miscellany_NewsAppDelegate.h */,
				D51626DF13F86C7D00BDB710 /* Miscellany_NewsAppDelegate.m */,
			);
			name = Classes;
			sourceTree = "<group>";
		};
		D516270A13F884B700BDB710 /* Other Sources */ = {
			isa = PBXGroup;
			children = (
				D51626E113F86C7D00BDB710 /* Miscellany_News.xcdatamodeld */,
				D51626DB13F86C7D00BDB710 /* main.m */,
				D51626DD13F86C7D00BDB710 /* Miscellany News-Prefix.pch */,
			);
			name = "Other Sources";
			sourceTree = "<group>";
		};
		D516270B13F884C100BDB710 /* Resources */ = {
			isa = PBXGroup;
			children = (
				D51626D713F86C7D00BDB710 /* Miscellany News-Info.plist */,
				D51626D813F86C7D00BDB710 /* InfoPlist.strings */,
			);
			name = Resources;
			sourceTree = "<group>";
		};
		D516271113F8865000BDB710 /* Controllers */ = {
			isa = PBXGroup;
			children = (
				D51626E713F86C7D00BDB710 /* RootViewController.h */,
				D51626E813F86C7D00BDB710 /* RootViewController.m */,
				D51626EA13F86C7D00BDB710 /* RootViewController.xib */,
				D5AAE36013FC0FB10056EE4D /* ArticleViewController.h */,
				D5AAE36113FC0FB10056EE4D /* ArticleViewController.m */,
				D5AAE36213FC0FB10056EE4D /* ArticleViewController.xib */,
			);
			name = Controllers;
			sourceTree = "<group>";
		};
		D516271213F8867100BDB710 /* Views */ = {
			isa = PBXGroup;
			children = (
				D51626E413F86C7D00BDB710 /* MainWindow.xib */,
			);
			name = Views;
			sourceTree = "<group>";
		};
		D516271313F8867F00BDB710 /* RSS Model */ = {
			isa = PBXGroup;
			children = (
				D51627EA13F8C80100BDB710 /* RSSArticleParser.h */,
				D5F0B8CC13FBB2C20004D6F0 /* RSSArticleParser.m */,
				D516273E13F88F9000BDB710 /* RSSEntry.h */,
				D516273F13F88F9000BDB710 /* RSSEntry.m */,
			);
			name = "RSS Model";
			sourceTree = "<group>";
		};
		D516276913F8ACE300BDB710 /* Categories */ = {
			isa = PBXGroup;
			children = (
				D5AAE36513FC11920056EE4D /* NSString+JDS.h */,
				D5AAE36613FC11920056EE4D /* NSString+JDS.m */,
				D51627BA13F8B98A00BDB710 /* NSArray+Extras.h */,
				D51627BB13F8B98A00BDB710 /* NSArray+Extras.m */,
			);
			name = Categories;
			sourceTree = "<group>";
		};
		D51627BD13F8B9F100BDB710 /* MWFeedParser */ = {
			isa = PBXGroup;
			children = (
				D51627BE13F8B9F100BDB710 /* Categories */,
				D51627C813F8B9F100BDB710 /* MWFeedInfo.h */,
				D51627C913F8B9F100BDB710 /* MWFeedInfo.m */,
				D51627CA13F8B9F100BDB710 /* MWFeedItem.h */,
				D51627CB13F8B9F100BDB710 /* MWFeedItem.m */,
				D51627CC13F8B9F100BDB710 /* MWFeedParser.h */,
				D51627CD13F8B9F100BDB710 /* MWFeedParser.m */,
				D51627CE13F8B9F100BDB710 /* MWFeedParser_Private.h */,
			);
			name = MWFeedParser;
			path = "Miscellany News/MWFeedParser";
			sourceTree = "<group>";
		};
		D51627BE13F8B9F100BDB710 /* Categories */ = {
			isa = PBXGroup;
			children = (
				D51627BF13F8B9F100BDB710 /* GTMDefines.h */,
				D51627C013F8B9F100BDB710 /* GTMNSString+HTML.h */,
				D51627C113F8B9F100BDB710 /* GTMNSString+HTML.m */,
				D51627C213F8B9F100BDB710 /* NSDate+InternetDateTime.h */,
				D51627C313F8B9F100BDB710 /* NSDate+InternetDateTime.m */,
				D51627C413F8B9F100BDB710 /* NSString+HTML.h */,
				D51627C513F8B9F100BDB710 /* NSString+HTML.m */,
				D51627C613F8B9F100BDB710 /* NSString+XMLEntities.h */,
				D51627C713F8B9F100BDB710 /* NSString+XMLEntities.m */,
			);
			path = Categories;
			sourceTree = "<group>";
		};
		D51627D913F8C16D00BDB710 /* hpple */ = {
			isa = PBXGroup;
			children = (
				D51627DA13F8C16D00BDB710 /* TFHpple.h */,
				D51627DB13F8C16D00BDB710 /* TFHpple.m */,
				D51627DC13F8C16D00BDB710 /* TFHppleElement.h */,
				D51627DD13F8C16D00BDB710 /* TFHppleElement.m */,
				D51627DE13F8C16D00BDB710 /* XPathQuery.h */,
				D51627DF13F8C16D00BDB710 /* XPathQuery.m */,
			);
			name = hpple;
			path = "Miscellany News/hpple";
			sourceTree = "<group>";
		};
		D51627E313F8C17C00BDB710 /* Libraries */ = {
			isa = PBXGroup;
			children = (
				D5AAE35C13FC0F1F0056EE4D /* JMNoise */,
				D51627E613F8C60D00BDB710 /* MBProgressHUD */,
				D51627D913F8C16D00BDB710 /* hpple */,
				D51627BD13F8B9F100BDB710 /* MWFeedParser */,
				D51627E413F8C2CE00BDB710 /* libxml2.2.dylib */,
			);
			name = Libraries;
			sourceTree = "<group>";
		};
		D51627E613F8C60D00BDB710 /* MBProgressHUD */ = {
			isa = PBXGroup;
			children = (
				D51627ED13F8C9BD00BDB710 /* MBProgressHUD.h */,
				D51627EE13F8C9BD00BDB710 /* MBProgressHUD.m */,
			);
			name = MBProgressHUD;
			path = "Miscellany News/MBProgressHUD";
			sourceTree = "<group>";
		};
		D5AAE35C13FC0F1F0056EE4D /* JMNoise */ = {
			isa = PBXGroup;
			children = (
				D5AAE35D13FC0F1F0056EE4D /* UIView+JMNoise.h */,
				D5AAE35E13FC0F1F0056EE4D /* UIView+JMNoise.m */,
			);
			name = JMNoise;
			path = "Miscellany News/JMNoise";
			sourceTree = "<group>";
		};
/* End PBXGroup section */

/* Begin PBXNativeTarget section */
		D51626C813F86C7D00BDB710 /* Miscellany News */ = {
			isa = PBXNativeTarget;
			buildConfigurationList = D51626EF13F86C7D00BDB710 /* Build configuration list for PBXNativeTarget "Miscellany News" */;
			buildPhases = (
				D51626C513F86C7D00BDB710 /* Sources */,
				D51626C613F86C7D00BDB710 /* Frameworks */,
				D51626C713F86C7D00BDB710 /* Resources */,
			);
			buildRules = (
			);
			dependencies = (
			);
			name = "Miscellany News";
			productName = "Miscellany News";
			productReference = D51626C913F86C7D00BDB710 /* Miscellany News.app */;
			productType = "com.apple.product-type.application";
		};
/* End PBXNativeTarget section */

/* Begin PBXProject section */
		D51626C013F86C7D00BDB710 /* Project object */ = {
			isa = PBXProject;
			attributes = {
				LastUpgradeCheck = 0420;
				ORGANIZATIONNAME = "Vassar College";
			};
			buildConfigurationList = D51626C313F86C7D00BDB710 /* Build configuration list for PBXProject "Miscellany News" */;
			compatibilityVersion = "Xcode 3.2";
			developmentRegion = English;
			hasScannedForEncodings = 0;
			knownRegions = (
				en,
			);
			mainGroup = D51626BE13F86C7D00BDB710;
			productRefGroup = D51626CA13F86C7D00BDB710 /* Products */;
			projectDirPath = "";
			projectRoot = "";
			targets = (
				D51626C813F86C7D00BDB710 /* Miscellany News */,
			);
		};
/* End PBXProject section */

/* Begin PBXResourcesBuildPhase section */
		D51626C713F86C7D00BDB710 /* Resources */ = {
			isa = PBXResourcesBuildPhase;
			buildActionMask = 2147483647;
			files = (
				D51626DA13F86C7D00BDB710 /* InfoPlist.strings in Resources */,
				D51626E613F86C7D00BDB710 /* MainWindow.xib in Resources */,
				D51626EC13F86C7D00BDB710 /* RootViewController.xib in Resources */,
				D5AAE36413FC0FB10056EE4D /* ArticleViewController.xib in Resources */,
			);
			runOnlyForDeploymentPostprocessing = 0;
		};
/* End PBXResourcesBuildPhase section */

/* Begin PBXSourcesBuildPhase section */
		D51626C513F86C7D00BDB710 /* Sources */ = {
			isa = PBXSourcesBuildPhase;
			buildActionMask = 2147483647;
			files = (
				D51626DC13F86C7D00BDB710 /* main.m in Sources */,
				D51626E013F86C7D00BDB710 /* Miscellany_NewsAppDelegate.m in Sources */,
				D51626E313F86C7D00BDB710 /* Miscellany_News.xcdatamodeld in Sources */,
				D51626E913F86C7D00BDB710 /* RootViewController.m in Sources */,
				D516274013F88F9000BDB710 /* RSSEntry.m in Sources */,
				D51627BC13F8B98A00BDB710 /* NSArray+Extras.m in Sources */,
				D51627CF13F8B9F100BDB710 /* GTMNSString+HTML.m in Sources */,
				D51627D013F8B9F100BDB710 /* NSDate+InternetDateTime.m in Sources */,
				D51627D113F8B9F100BDB710 /* NSString+HTML.m in Sources */,
				D51627D213F8B9F100BDB710 /* NSString+XMLEntities.m in Sources */,
				D51627D313F8B9F100BDB710 /* MWFeedInfo.m in Sources */,
				D51627D413F8B9F100BDB710 /* MWFeedItem.m in Sources */,
				D51627D513F8B9F100BDB710 /* MWFeedParser.m in Sources */,
				D51627E013F8C16D00BDB710 /* TFHpple.m in Sources */,
				D51627E113F8C16D00BDB710 /* TFHppleElement.m in Sources */,
				D51627E213F8C16D00BDB710 /* XPathQuery.m in Sources */,
				D51627EF13F8C9BD00BDB710 /* MBProgressHUD.m in Sources */,
				D5F0B8CD13FBB2C20004D6F0 /* RSSArticleParser.m in Sources */,
				D5AAE35F13FC0F1F0056EE4D /* UIView+JMNoise.m in Sources */,
				D5AAE36313FC0FB10056EE4D /* ArticleViewController.m in Sources */,
				D5AAE36713FC11920056EE4D /* NSString+JDS.m in Sources */,
				D5C20A9213FEBE0900420DFC /* Constants.m in Sources */,
			);
			runOnlyForDeploymentPostprocessing = 0;
		};
/* End PBXSourcesBuildPhase section */

/* Begin PBXVariantGroup section */
		D51626D813F86C7D00BDB710 /* InfoPlist.strings */ = {
			isa = PBXVariantGroup;
			children = (
				D51626D913F86C7D00BDB710 /* en */,
			);
			name = InfoPlist.strings;
			path = "Miscellany News";
			sourceTree = "<group>";
		};
		D51626E413F86C7D00BDB710 /* MainWindow.xib */ = {
			isa = PBXVariantGroup;
			children = (
				D51626E513F86C7D00BDB710 /* en */,
			);
			name = MainWindow.xib;
			path = "Miscellany News";
			sourceTree = "<group>";
		};
		D51626EA13F86C7D00BDB710 /* RootViewController.xib */ = {
			isa = PBXVariantGroup;
			children = (
				D51626EB13F86C7D00BDB710 /* en */,
			);
			name = RootViewController.xib;
			path = "Miscellany News";
			sourceTree = "<group>";
		};
/* End PBXVariantGroup section */

/* Begin XCBuildConfiguration section */
		D51626ED13F86C7D00BDB710 /* Debug */ = {
			isa = XCBuildConfiguration;
			buildSettings = {
				ALWAYS_SEARCH_USER_PATHS = NO;
				ARCHS = "$(ARCHS_STANDARD_32_BIT)";
				"CODE_SIGN_IDENTITY[sdk=iphoneos*]" = "iPhone Developer";
				COPY_PHASE_STRIP = NO;
				GCC_C_LANGUAGE_STANDARD = gnu99;
				GCC_DYNAMIC_NO_PIC = NO;
				GCC_OPTIMIZATION_LEVEL = 0;
				GCC_PREPROCESSOR_DEFINITIONS = (
					"DEBUG=1",
					"$(inherited)",
				);
				GCC_SYMBOLS_PRIVATE_EXTERN = NO;
				GCC_VERSION = com.apple.compilers.llvmgcc42;
				GCC_WARN_ABOUT_MISSING_PROTOTYPES = YES;
				GCC_WARN_ABOUT_RETURN_TYPE = YES;
				GCC_WARN_UNUSED_VARIABLE = YES;
				HEADER_SEARCH_PATHS = /usr/include/libxml2;
				IPHONEOS_DEPLOYMENT_TARGET = 4.3;
				SDKROOT = iphoneos;
			};
			name = Debug;
		};
		D51626EE13F86C7D00BDB710 /* Release */ = {
			isa = XCBuildConfiguration;
			buildSettings = {
				ALWAYS_SEARCH_USER_PATHS = NO;
				ARCHS = "$(ARCHS_STANDARD_32_BIT)";
				"CODE_SIGN_IDENTITY[sdk=iphoneos*]" = "iPhone Developer";
				COPY_PHASE_STRIP = YES;
				GCC_C_LANGUAGE_STANDARD = gnu99;
				GCC_VERSION = com.apple.compilers.llvmgcc42;
				GCC_WARN_ABOUT_MISSING_PROTOTYPES = YES;
				GCC_WARN_ABOUT_RETURN_TYPE = YES;
				GCC_WARN_UNUSED_VARIABLE = YES;
				HEADER_SEARCH_PATHS = /usr/include/libxml2;
				IPHONEOS_DEPLOYMENT_TARGET = 4.3;
				OTHER_CFLAGS = "-DNS_BLOCK_ASSERTIONS=1";
				SDKROOT = iphoneos;
				VALIDATE_PRODUCT = YES;
			};
			name = Release;
		};
		D51626F013F86C7D00BDB710 /* Debug */ = {
			isa = XCBuildConfiguration;
			buildSettings = {
				GCC_PRECOMPILE_PREFIX_HEADER = YES;
				GCC_PREFIX_HEADER = "Miscellany News/Miscellany News-Prefix.pch";
				INFOPLIST_FILE = "Miscellany News/Miscellany News-Info.plist";
				PRODUCT_NAME = "$(TARGET_NAME)";
				WRAPPER_EXTENSION = app;
			};
			name = Debug;
		};
		D51626F113F86C7D00BDB710 /* Release */ = {
			isa = XCBuildConfiguration;
			buildSettings = {
				GCC_PRECOMPILE_PREFIX_HEADER = YES;
				GCC_PREFIX_HEADER = "Miscellany News/Miscellany News-Prefix.pch";
				INFOPLIST_FILE = "Miscellany News/Miscellany News-Info.plist";
				PRODUCT_NAME = "$(TARGET_NAME)";
				WRAPPER_EXTENSION = app;
			};
			name = Release;
		};
/* End XCBuildConfiguration section */

/* Begin XCConfigurationList section */
		D51626C313F86C7D00BDB710 /* Build configuration list for PBXProject "Miscellany News" */ = {
			isa = XCConfigurationList;
			buildConfigurations = (
				D51626ED13F86C7D00BDB710 /* Debug */,
				D51626EE13F86C7D00BDB710 /* Release */,
			);
			defaultConfigurationIsVisible = 0;
			defaultConfigurationName = Release;
		};
		D51626EF13F86C7D00BDB710 /* Build configuration list for PBXNativeTarget "Miscellany News" */ = {
			isa = XCConfigurationList;
			buildConfigurations = (
				D51626F013F86C7D00BDB710 /* Debug */,
				D51626F113F86C7D00BDB710 /* Release */,
			);
			defaultConfigurationIsVisible = 0;
			defaultConfigurationName = Release;
		};
/* End XCConfigurationList section */

/* Begin XCVersionGroup section */
		D51626E113F86C7D00BDB710 /* Miscellany_News.xcdatamodeld */ = {
			isa = XCVersionGroup;
			children = (
				D51626E213F86C7D00BDB710 /* Miscellany_News.xcdatamodel */,
			);
			currentVersion = D51626E213F86C7D00BDB710 /* Miscellany_News.xcdatamodel */;
			name = Miscellany_News.xcdatamodeld;
			path = "Miscellany News/Miscellany_News.xcdatamodeld";
			sourceTree = "<group>";
			versionGroupType = wrapper.xcdatamodel;
		};
/* End XCVersionGroup section */
	};
	rootObject = D51626C013F86C7D00BDB710 /* Project object */;
}
