// !$*UTF8*$!
{
	archiveVersion = 1;
	classes = {
	};
	objectVersion = 46;
	objects = {

/* Begin PBXBuildFile section */
		D50892931403FEAC001992B9 /* ASIAuthenticationDialog.m in Sources */ = {isa = PBXBuildFile; fileRef = D50892801403FEAC001992B9 /* ASIAuthenticationDialog.m */; };
		D50892941403FEAC001992B9 /* ASIDataCompressor.m in Sources */ = {isa = PBXBuildFile; fileRef = D50892831403FEAC001992B9 /* ASIDataCompressor.m */; };
		D50892951403FEAC001992B9 /* ASIDataDecompressor.m in Sources */ = {isa = PBXBuildFile; fileRef = D50892851403FEAC001992B9 /* ASIDataDecompressor.m */; };
		D50892961403FEAC001992B9 /* ASIDownloadCache.m in Sources */ = {isa = PBXBuildFile; fileRef = D50892871403FEAC001992B9 /* ASIDownloadCache.m */; };
		D50892971403FEAC001992B9 /* ASIFormDataRequest.m in Sources */ = {isa = PBXBuildFile; fileRef = D50892891403FEAC001992B9 /* ASIFormDataRequest.m */; };
		D50892981403FEAC001992B9 /* ASIHTTPRequest.m in Sources */ = {isa = PBXBuildFile; fileRef = D508928B1403FEAC001992B9 /* ASIHTTPRequest.m */; };
		D50892991403FEAC001992B9 /* ASIInputStream.m in Sources */ = {isa = PBXBuildFile; fileRef = D508928F1403FEAC001992B9 /* ASIInputStream.m */; };
		D508929A1403FEAC001992B9 /* ASINetworkQueue.m in Sources */ = {isa = PBXBuildFile; fileRef = D50892911403FEAC001992B9 /* ASINetworkQueue.m */; };
		D50892A01403FEC4001992B9 /* Reachability.m in Sources */ = {isa = PBXBuildFile; fileRef = D508929F1403FEC4001992B9 /* Reachability.m */; };
		D50892A21403FEDD001992B9 /* CFNetwork.framework in Frameworks */ = {isa = PBXBuildFile; fileRef = D50892A11403FEDD001992B9 /* CFNetwork.framework */; };
		D50892A41403FEE5001992B9 /* SystemConfiguration.framework in Frameworks */ = {isa = PBXBuildFile; fileRef = D50892A31403FEE5001992B9 /* SystemConfiguration.framework */; };
		D50892A61403FEEC001992B9 /* MobileCoreServices.framework in Frameworks */ = {isa = PBXBuildFile; fileRef = D50892A51403FEEC001992B9 /* MobileCoreServices.framework */; };
		D50892A81403FEF1001992B9 /* libz.1.1.3.dylib in Frameworks */ = {isa = PBXBuildFile; fileRef = D50892A71403FEF1001992B9 /* libz.1.1.3.dylib */; };
		D50892F21403FFC4001992B9 /* CXMLDocument_CreationExtensions.m in Sources */ = {isa = PBXBuildFile; fileRef = D50892D71403FFC4001992B9 /* CXMLDocument_CreationExtensions.m */; };
		D50892F31403FFC4001992B9 /* CXMLNode_CreationExtensions.m in Sources */ = {isa = PBXBuildFile; fileRef = D50892D91403FFC4001992B9 /* CXMLNode_CreationExtensions.m */; };
		D50892F41403FFC4001992B9 /* CXHTMLDocument.m in Sources */ = {isa = PBXBuildFile; fileRef = D50892DB1403FFC4001992B9 /* CXHTMLDocument.m */; };
		D50892F51403FFC4001992B9 /* CXMLDocument.m in Sources */ = {isa = PBXBuildFile; fileRef = D50892DD1403FFC4001992B9 /* CXMLDocument.m */; };
		D50892F61403FFC4001992B9 /* CXMLDocument_PrivateExtensions.m in Sources */ = {isa = PBXBuildFile; fileRef = D50892DF1403FFC4001992B9 /* CXMLDocument_PrivateExtensions.m */; };
		D50892F71403FFC4001992B9 /* CXMLElement.m in Sources */ = {isa = PBXBuildFile; fileRef = D50892E11403FFC4001992B9 /* CXMLElement.m */; };
		D50892F81403FFC4001992B9 /* CXMLElement_CreationExtensions.m in Sources */ = {isa = PBXBuildFile; fileRef = D50892E31403FFC4001992B9 /* CXMLElement_CreationExtensions.m */; };
		D50892F91403FFC4001992B9 /* CXMLElement_ElementTreeExtensions.m in Sources */ = {isa = PBXBuildFile; fileRef = D50892E51403FFC4001992B9 /* CXMLElement_ElementTreeExtensions.m */; };
		D50892FA1403FFC4001992B9 /* CXMLNamespaceNode.m in Sources */ = {isa = PBXBuildFile; fileRef = D50892E71403FFC4001992B9 /* CXMLNamespaceNode.m */; };
		D50892FB1403FFC4001992B9 /* CXMLNode.m in Sources */ = {isa = PBXBuildFile; fileRef = D50892E91403FFC4001992B9 /* CXMLNode.m */; };
		D50892FC1403FFC4001992B9 /* CXMLNode_PrivateExtensions.m in Sources */ = {isa = PBXBuildFile; fileRef = D50892EB1403FFC4001992B9 /* CXMLNode_PrivateExtensions.m */; };
		D50892FD1403FFC4001992B9 /* CXMLNode_XPathExtensions.m in Sources */ = {isa = PBXBuildFile; fileRef = D50892ED1403FFC4001992B9 /* CXMLNode_XPathExtensions.m */; };
		D50892FE1403FFC4001992B9 /* CTidy.m in Sources */ = {isa = PBXBuildFile; fileRef = D50892F01403FFC4001992B9 /* CTidy.m */; };
		D51626CE13F86C7D00BDB710 /* UIKit.framework in Frameworks */ = {isa = PBXBuildFile; fileRef = D51626CD13F86C7D00BDB710 /* UIKit.framework */; };
		D51626D013F86C7D00BDB710 /* Foundation.framework in Frameworks */ = {isa = PBXBuildFile; fileRef = D51626CF13F86C7D00BDB710 /* Foundation.framework */; };
		D51626D213F86C7D00BDB710 /* CoreGraphics.framework in Frameworks */ = {isa = PBXBuildFile; fileRef = D51626D113F86C7D00BDB710 /* CoreGraphics.framework */; };
		D51626D413F86C7D00BDB710 /* CoreData.framework in Frameworks */ = {isa = PBXBuildFile; fileRef = D51626D313F86C7D00BDB710 /* CoreData.framework */; };
		D51626DA13F86C7D00BDB710 /* InfoPlist.strings in Resources */ = {isa = PBXBuildFile; fileRef = D51626D813F86C7D00BDB710 /* InfoPlist.strings */; };
		D51626DC13F86C7D00BDB710 /* main.m in Sources */ = {isa = PBXBuildFile; fileRef = D51626DB13F86C7D00BDB710 /* main.m */; };
		D51626E013F86C7D00BDB710 /* Miscellany_NewsAppDelegate.m in Sources */ = {isa = PBXBuildFile; fileRef = D51626DF13F86C7D00BDB710 /* Miscellany_NewsAppDelegate.m */; };
		D51626E313F86C7D00BDB710 /* Miscellany_News.xcdatamodeld in Sources */ = {isa = PBXBuildFile; fileRef = D51626E113F86C7D00BDB710 /* Miscellany_News.xcdatamodeld */; };
		D51626E613F86C7D00BDB710 /* MainWindow.xib in Resources */ = {isa = PBXBuildFile; fileRef = D51626E413F86C7D00BDB710 /* MainWindow.xib */; };
		D51626E913F86C7D00BDB710 /* RootViewController.m in Sources */ = {isa = PBXBuildFile; fileRef = D51626E813F86C7D00BDB710 /* RootViewController.m */; };
		D51626EC13F86C7D00BDB710 /* RootViewController.xib in Resources */ = {isa = PBXBuildFile; fileRef = D51626EA13F86C7D00BDB710 /* RootViewController.xib */; };
		D516274013F88F9000BDB710 /* RSSEntry.m in Sources */ = {isa = PBXBuildFile; fileRef = D516273F13F88F9000BDB710 /* RSSEntry.m */; };
		D51627BC13F8B98A00BDB710 /* NSArray+Extras.m in Sources */ = {isa = PBXBuildFile; fileRef = D51627BB13F8B98A00BDB710 /* NSArray+Extras.m */; };
		D51627CF13F8B9F100BDB710 /* GTMNSString+HTML.m in Sources */ = {isa = PBXBuildFile; fileRef = D51627C113F8B9F100BDB710 /* GTMNSString+HTML.m */; };
		D51627D013F8B9F100BDB710 /* NSDate+InternetDateTime.m in Sources */ = {isa = PBXBuildFile; fileRef = D51627C313F8B9F100BDB710 /* NSDate+InternetDateTime.m */; };
		D51627D113F8B9F100BDB710 /* NSString+HTML.m in Sources */ = {isa = PBXBuildFile; fileRef = D51627C513F8B9F100BDB710 /* NSString+HTML.m */; };
		D51627D213F8B9F100BDB710 /* NSString+XMLEntities.m in Sources */ = {isa = PBXBuildFile; fileRef = D51627C713F8B9F100BDB710 /* NSString+XMLEntities.m */; };
		D51627D313F8B9F100BDB710 /* MWFeedInfo.m in Sources */ = {isa = PBXBuildFile; fileRef = D51627C913F8B9F100BDB710 /* MWFeedInfo.m */; };
		D51627D413F8B9F100BDB710 /* MWFeedItem.m in Sources */ = {isa = PBXBuildFile; fileRef = D51627CB13F8B9F100BDB710 /* MWFeedItem.m */; };
		D51627D513F8B9F100BDB710 /* MWFeedParser.m in Sources */ = {isa = PBXBuildFile; fileRef = D51627CD13F8B9F100BDB710 /* MWFeedParser.m */; };
		D51627E013F8C16D00BDB710 /* TFHpple.m in Sources */ = {isa = PBXBuildFile; fileRef = D51627DB13F8C16D00BDB710 /* TFHpple.m */; };
		D51627E113F8C16D00BDB710 /* TFHppleElement.m in Sources */ = {isa = PBXBuildFile; fileRef = D51627DD13F8C16D00BDB710 /* TFHppleElement.m */; };
		D51627E213F8C16D00BDB710 /* XPathQuery.m in Sources */ = {isa = PBXBuildFile; fileRef = D51627DF13F8C16D00BDB710 /* XPathQuery.m */; };
		D51627E513F8C2CE00BDB710 /* libxml2.2.dylib in Frameworks */ = {isa = PBXBuildFile; fileRef = D51627E413F8C2CE00BDB710 /* libxml2.2.dylib */; };
		D51627EF13F8C9BD00BDB710 /* MBProgressHUD.m in Sources */ = {isa = PBXBuildFile; fileRef = D51627EE13F8C9BD00BDB710 /* MBProgressHUD.m */; };
		D5204FAD13F9460A008974FF /* QuartzCore.framework in Frameworks */ = {isa = PBXBuildFile; fileRef = D5204FAC13F9460A008974FF /* QuartzCore.framework */; };
		D52F1540140173F000E5C1D2 /* background.png in Resources */ = {isa = PBXBuildFile; fileRef = D52F153B140173F000E5C1D2 /* background.png */; };
		D52F1541140173F000E5C1D2 /* Default.png in Resources */ = {isa = PBXBuildFile; fileRef = D52F153C140173F000E5C1D2 /* Default.png */; };
		D52F1542140173F000E5C1D2 /* Default@2x.png in Resources */ = {isa = PBXBuildFile; fileRef = D52F153D140173F000E5C1D2 /* Default@2x.png */; };
		D52F1543140173F000E5C1D2 /* misc_iphone.png in Resources */ = {isa = PBXBuildFile; fileRef = D52F153E140173F000E5C1D2 /* misc_iphone.png */; };
		D52F1544140173F000E5C1D2 /* misc_iphone@2x.png in Resources */ = {isa = PBXBuildFile; fileRef = D52F153F140173F000E5C1D2 /* misc_iphone@2x.png */; };
		D5AAE35F13FC0F1F0056EE4D /* UIView+JMNoise.m in Sources */ = {isa = PBXBuildFile; fileRef = D5AAE35E13FC0F1F0056EE4D /* UIView+JMNoise.m */; };
		D5AAE36313FC0FB10056EE4D /* ArticleViewController.m in Sources */ = {isa = PBXBuildFile; fileRef = D5AAE36113FC0FB10056EE4D /* ArticleViewController.m */; };
		D5AAE36413FC0FB10056EE4D /* ArticleViewController.xib in Resources */ = {isa = PBXBuildFile; fileRef = D5AAE36213FC0FB10056EE4D /* ArticleViewController.xib */; };
		D5AAE36713FC11920056EE4D /* NSString+JDS.m in Sources */ = {isa = PBXBuildFile; fileRef = D5AAE36613FC11920056EE4D /* NSString+JDS.m */; };
		D5C20A9213FEBE0900420DFC /* Constants.m in Sources */ = {isa = PBXBuildFile; fileRef = D5C20A9113FEBE0900420DFC /* Constants.m */; };
		D5F06BA314009CF400C1BD77 /* EGOCache.m in Sources */ = {isa = PBXBuildFile; fileRef = D5F06B9714009CF400C1BD77 /* EGOCache.m */; };
		D5F06BA514009CF400C1BD77 /* EGOImageLoadConnection.m in Sources */ = {isa = PBXBuildFile; fileRef = D5F06B9D14009CF400C1BD77 /* EGOImageLoadConnection.m */; };
		D5F06BA614009CF400C1BD77 /* EGOImageLoader.m in Sources */ = {isa = PBXBuildFile; fileRef = D5F06B9F14009CF400C1BD77 /* EGOImageLoader.m */; };
		D5F06BA714009CF400C1BD77 /* EGOImageView.m in Sources */ = {isa = PBXBuildFile; fileRef = D5F06BA214009CF400C1BD77 /* EGOImageView.m */; };
		D5F06BAB1400A30000C1BD77 /* UIImage+ProportionalFill.m in Sources */ = {isa = PBXBuildFile; fileRef = D5F06BAA1400A30000C1BD77 /* UIImage+ProportionalFill.m */; };
		D5F0B8CD13FBB2C20004D6F0 /* RSSArticleParser.m in Sources */ = {isa = PBXBuildFile; fileRef = D5F0B8CC13FBB2C20004D6F0 /* RSSArticleParser.m */; };
/* End PBXBuildFile section */

/* Begin PBXFileReference section */
		D508927F1403FEAC001992B9 /* ASIAuthenticationDialog.h */ = {isa = PBXFileReference; fileEncoding = 4; lastKnownFileType = sourcecode.c.h; path = ASIAuthenticationDialog.h; sourceTree = "<group>"; };
		D50892801403FEAC001992B9 /* ASIAuthenticationDialog.m */ = {isa = PBXFileReference; fileEncoding = 4; lastKnownFileType = sourcecode.c.objc; path = ASIAuthenticationDialog.m; sourceTree = "<group>"; };
		D50892811403FEAC001992B9 /* ASICacheDelegate.h */ = {isa = PBXFileReference; fileEncoding = 4; lastKnownFileType = sourcecode.c.h; path = ASICacheDelegate.h; sourceTree = "<group>"; };
		D50892821403FEAC001992B9 /* ASIDataCompressor.h */ = {isa = PBXFileReference; fileEncoding = 4; lastKnownFileType = sourcecode.c.h; path = ASIDataCompressor.h; sourceTree = "<group>"; };
		D50892831403FEAC001992B9 /* ASIDataCompressor.m */ = {isa = PBXFileReference; fileEncoding = 4; lastKnownFileType = sourcecode.c.objc; path = ASIDataCompressor.m; sourceTree = "<group>"; };
		D50892841403FEAC001992B9 /* ASIDataDecompressor.h */ = {isa = PBXFileReference; fileEncoding = 4; lastKnownFileType = sourcecode.c.h; path = ASIDataDecompressor.h; sourceTree = "<group>"; };
		D50892851403FEAC001992B9 /* ASIDataDecompressor.m */ = {isa = PBXFileReference; fileEncoding = 4; lastKnownFileType = sourcecode.c.objc; path = ASIDataDecompressor.m; sourceTree = "<group>"; };
		D50892861403FEAC001992B9 /* ASIDownloadCache.h */ = {isa = PBXFileReference; fileEncoding = 4; lastKnownFileType = sourcecode.c.h; path = ASIDownloadCache.h; sourceTree = "<group>"; };
		D50892871403FEAC001992B9 /* ASIDownloadCache.m */ = {isa = PBXFileReference; fileEncoding = 4; lastKnownFileType = sourcecode.c.objc; path = ASIDownloadCache.m; sourceTree = "<group>"; };
		D50892881403FEAC001992B9 /* ASIFormDataRequest.h */ = {isa = PBXFileReference; fileEncoding = 4; lastKnownFileType = sourcecode.c.h; path = ASIFormDataRequest.h; sourceTree = "<group>"; };
		D50892891403FEAC001992B9 /* ASIFormDataRequest.m */ = {isa = PBXFileReference; fileEncoding = 4; lastKnownFileType = sourcecode.c.objc; path = ASIFormDataRequest.m; sourceTree = "<group>"; };
		D508928A1403FEAC001992B9 /* ASIHTTPRequest.h */ = {isa = PBXFileReference; fileEncoding = 4; lastKnownFileType = sourcecode.c.h; path = ASIHTTPRequest.h; sourceTree = "<group>"; };
		D508928B1403FEAC001992B9 /* ASIHTTPRequest.m */ = {isa = PBXFileReference; fileEncoding = 4; lastKnownFileType = sourcecode.c.objc; path = ASIHTTPRequest.m; sourceTree = "<group>"; };
		D508928C1403FEAC001992B9 /* ASIHTTPRequestConfig.h */ = {isa = PBXFileReference; fileEncoding = 4; lastKnownFileType = sourcecode.c.h; path = ASIHTTPRequestConfig.h; sourceTree = "<group>"; };
		D508928D1403FEAC001992B9 /* ASIHTTPRequestDelegate.h */ = {isa = PBXFileReference; fileEncoding = 4; lastKnownFileType = sourcecode.c.h; path = ASIHTTPRequestDelegate.h; sourceTree = "<group>"; };
		D508928E1403FEAC001992B9 /* ASIInputStream.h */ = {isa = PBXFileReference; fileEncoding = 4; lastKnownFileType = sourcecode.c.h; path = ASIInputStream.h; sourceTree = "<group>"; };
		D508928F1403FEAC001992B9 /* ASIInputStream.m */ = {isa = PBXFileReference; fileEncoding = 4; lastKnownFileType = sourcecode.c.objc; path = ASIInputStream.m; sourceTree = "<group>"; };
		D50892901403FEAC001992B9 /* ASINetworkQueue.h */ = {isa = PBXFileReference; fileEncoding = 4; lastKnownFileType = sourcecode.c.h; path = ASINetworkQueue.h; sourceTree = "<group>"; };
		D50892911403FEAC001992B9 /* ASINetworkQueue.m */ = {isa = PBXFileReference; fileEncoding = 4; lastKnownFileType = sourcecode.c.objc; path = ASINetworkQueue.m; sourceTree = "<group>"; };
		D50892921403FEAC001992B9 /* ASIProgressDelegate.h */ = {isa = PBXFileReference; fileEncoding = 4; lastKnownFileType = sourcecode.c.h; path = ASIProgressDelegate.h; sourceTree = "<group>"; };
		D508929E1403FEC4001992B9 /* Reachability.h */ = {isa = PBXFileReference; fileEncoding = 4; lastKnownFileType = sourcecode.c.h; path = Reachability.h; sourceTree = "<group>"; };
		D508929F1403FEC4001992B9 /* Reachability.m */ = {isa = PBXFileReference; fileEncoding = 4; lastKnownFileType = sourcecode.c.objc; path = Reachability.m; sourceTree = "<group>"; };
		D50892A11403FEDD001992B9 /* CFNetwork.framework */ = {isa = PBXFileReference; lastKnownFileType = wrapper.framework; name = CFNetwork.framework; path = System/Library/Frameworks/CFNetwork.framework; sourceTree = SDKROOT; };
		D50892A31403FEE5001992B9 /* SystemConfiguration.framework */ = {isa = PBXFileReference; lastKnownFileType = wrapper.framework; name = SystemConfiguration.framework; path = System/Library/Frameworks/SystemConfiguration.framework; sourceTree = SDKROOT; };
		D50892A51403FEEC001992B9 /* MobileCoreServices.framework */ = {isa = PBXFileReference; lastKnownFileType = wrapper.framework; name = MobileCoreServices.framework; path = System/Library/Frameworks/MobileCoreServices.framework; sourceTree = SDKROOT; };
		D50892A71403FEF1001992B9 /* libz.1.1.3.dylib */ = {isa = PBXFileReference; lastKnownFileType = "compiled.mach-o.dylib"; name = libz.1.1.3.dylib; path = usr/lib/libz.1.1.3.dylib; sourceTree = SDKROOT; };
		D50892D61403FFC4001992B9 /* CXMLDocument_CreationExtensions.h */ = {isa = PBXFileReference; fileEncoding = 4; lastKnownFileType = sourcecode.c.h; path = CXMLDocument_CreationExtensions.h; sourceTree = "<group>"; };
		D50892D71403FFC4001992B9 /* CXMLDocument_CreationExtensions.m */ = {isa = PBXFileReference; fileEncoding = 4; lastKnownFileType = sourcecode.c.objc; path = CXMLDocument_CreationExtensions.m; sourceTree = "<group>"; };
		D50892D81403FFC4001992B9 /* CXMLNode_CreationExtensions.h */ = {isa = PBXFileReference; fileEncoding = 4; lastKnownFileType = sourcecode.c.h; path = CXMLNode_CreationExtensions.h; sourceTree = "<group>"; };
		D50892D91403FFC4001992B9 /* CXMLNode_CreationExtensions.m */ = {isa = PBXFileReference; fileEncoding = 4; lastKnownFileType = sourcecode.c.objc; path = CXMLNode_CreationExtensions.m; sourceTree = "<group>"; };
		D50892DA1403FFC4001992B9 /* CXHTMLDocument.h */ = {isa = PBXFileReference; fileEncoding = 4; lastKnownFileType = sourcecode.c.h; path = CXHTMLDocument.h; sourceTree = "<group>"; };
		D50892DB1403FFC4001992B9 /* CXHTMLDocument.m */ = {isa = PBXFileReference; fileEncoding = 4; lastKnownFileType = sourcecode.c.objc; path = CXHTMLDocument.m; sourceTree = "<group>"; };
		D50892DC1403FFC4001992B9 /* CXMLDocument.h */ = {isa = PBXFileReference; fileEncoding = 4; lastKnownFileType = sourcecode.c.h; path = CXMLDocument.h; sourceTree = "<group>"; };
		D50892DD1403FFC4001992B9 /* CXMLDocument.m */ = {isa = PBXFileReference; fileEncoding = 4; lastKnownFileType = sourcecode.c.objc; path = CXMLDocument.m; sourceTree = "<group>"; };
		D50892DE1403FFC4001992B9 /* CXMLDocument_PrivateExtensions.h */ = {isa = PBXFileReference; fileEncoding = 4; lastKnownFileType = sourcecode.c.h; path = CXMLDocument_PrivateExtensions.h; sourceTree = "<group>"; };
		D50892DF1403FFC4001992B9 /* CXMLDocument_PrivateExtensions.m */ = {isa = PBXFileReference; fileEncoding = 4; lastKnownFileType = sourcecode.c.objc; path = CXMLDocument_PrivateExtensions.m; sourceTree = "<group>"; };
		D50892E01403FFC4001992B9 /* CXMLElement.h */ = {isa = PBXFileReference; fileEncoding = 4; lastKnownFileType = sourcecode.c.h; path = CXMLElement.h; sourceTree = "<group>"; };
		D50892E11403FFC4001992B9 /* CXMLElement.m */ = {isa = PBXFileReference; fileEncoding = 4; lastKnownFileType = sourcecode.c.objc; path = CXMLElement.m; sourceTree = "<group>"; };
		D50892E21403FFC4001992B9 /* CXMLElement_CreationExtensions.h */ = {isa = PBXFileReference; fileEncoding = 4; lastKnownFileType = sourcecode.c.h; path = CXMLElement_CreationExtensions.h; sourceTree = "<group>"; };
		D50892E31403FFC4001992B9 /* CXMLElement_CreationExtensions.m */ = {isa = PBXFileReference; fileEncoding = 4; lastKnownFileType = sourcecode.c.objc; path = CXMLElement_CreationExtensions.m; sourceTree = "<group>"; };
		D50892E41403FFC4001992B9 /* CXMLElement_ElementTreeExtensions.h */ = {isa = PBXFileReference; fileEncoding = 4; lastKnownFileType = sourcecode.c.h; path = CXMLElement_ElementTreeExtensions.h; sourceTree = "<group>"; };
		D50892E51403FFC4001992B9 /* CXMLElement_ElementTreeExtensions.m */ = {isa = PBXFileReference; fileEncoding = 4; lastKnownFileType = sourcecode.c.objc; path = CXMLElement_ElementTreeExtensions.m; sourceTree = "<group>"; };
		D50892E61403FFC4001992B9 /* CXMLNamespaceNode.h */ = {isa = PBXFileReference; fileEncoding = 4; lastKnownFileType = sourcecode.c.h; path = CXMLNamespaceNode.h; sourceTree = "<group>"; };
		D50892E71403FFC4001992B9 /* CXMLNamespaceNode.m */ = {isa = PBXFileReference; fileEncoding = 4; lastKnownFileType = sourcecode.c.objc; path = CXMLNamespaceNode.m; sourceTree = "<group>"; };
		D50892E81403FFC4001992B9 /* CXMLNode.h */ = {isa = PBXFileReference; fileEncoding = 4; lastKnownFileType = sourcecode.c.h; path = CXMLNode.h; sourceTree = "<group>"; };
		D50892E91403FFC4001992B9 /* CXMLNode.m */ = {isa = PBXFileReference; fileEncoding = 4; lastKnownFileType = sourcecode.c.objc; path = CXMLNode.m; sourceTree = "<group>"; };
		D50892EA1403FFC4001992B9 /* CXMLNode_PrivateExtensions.h */ = {isa = PBXFileReference; fileEncoding = 4; lastKnownFileType = sourcecode.c.h; path = CXMLNode_PrivateExtensions.h; sourceTree = "<group>"; };
		D50892EB1403FFC4001992B9 /* CXMLNode_PrivateExtensions.m */ = {isa = PBXFileReference; fileEncoding = 4; lastKnownFileType = sourcecode.c.objc; path = CXMLNode_PrivateExtensions.m; sourceTree = "<group>"; };
		D50892EC1403FFC4001992B9 /* CXMLNode_XPathExtensions.h */ = {isa = PBXFileReference; fileEncoding = 4; lastKnownFileType = sourcecode.c.h; path = CXMLNode_XPathExtensions.h; sourceTree = "<group>"; };
		D50892ED1403FFC4001992B9 /* CXMLNode_XPathExtensions.m */ = {isa = PBXFileReference; fileEncoding = 4; lastKnownFileType = sourcecode.c.objc; path = CXMLNode_XPathExtensions.m; sourceTree = "<group>"; };
		D50892EF1403FFC4001992B9 /* CTidy.h */ = {isa = PBXFileReference; fileEncoding = 4; lastKnownFileType = sourcecode.c.h; path = CTidy.h; sourceTree = "<group>"; };
		D50892F01403FFC4001992B9 /* CTidy.m */ = {isa = PBXFileReference; fileEncoding = 4; lastKnownFileType = sourcecode.c.objc; path = CTidy.m; sourceTree = "<group>"; };
		D50892F11403FFC4001992B9 /* TouchXML.h */ = {isa = PBXFileReference; fileEncoding = 4; lastKnownFileType = sourcecode.c.h; path = TouchXML.h; sourceTree = "<group>"; };
		D51626C913F86C7D00BDB710 /* Miscellany News.app */ = {isa = PBXFileReference; explicitFileType = wrapper.application; includeInIndex = 0; path = "Miscellany News.app"; sourceTree = BUILT_PRODUCTS_DIR; };
		D51626CD13F86C7D00BDB710 /* UIKit.framework */ = {isa = PBXFileReference; lastKnownFileType = wrapper.framework; name = UIKit.framework; path = System/Library/Frameworks/UIKit.framework; sourceTree = SDKROOT; };
		D51626CF13F86C7D00BDB710 /* Foundation.framework */ = {isa = PBXFileReference; lastKnownFileType = wrapper.framework; name = Foundation.framework; path = System/Library/Frameworks/Foundation.framework; sourceTree = SDKROOT; };
		D51626D113F86C7D00BDB710 /* CoreGraphics.framework */ = {isa = PBXFileReference; lastKnownFileType = wrapper.framework; name = CoreGraphics.framework; path = System/Library/Frameworks/CoreGraphics.framework; sourceTree = SDKROOT; };
		D51626D313F86C7D00BDB710 /* CoreData.framework */ = {isa = PBXFileReference; lastKnownFileType = wrapper.framework; name = CoreData.framework; path = System/Library/Frameworks/CoreData.framework; sourceTree = SDKROOT; };
		D51626D713F86C7D00BDB710 /* Miscellany News-Info.plist */ = {isa = PBXFileReference; lastKnownFileType = text.plist.xml; name = "Miscellany News-Info.plist"; path = "Miscellany News/Miscellany News-Info.plist"; sourceTree = "<group>"; };
		D51626D913F86C7D00BDB710 /* en */ = {isa = PBXFileReference; lastKnownFileType = text.plist.strings; name = en; path = en.lproj/InfoPlist.strings; sourceTree = "<group>"; };
		D51626DB13F86C7D00BDB710 /* main.m */ = {isa = PBXFileReference; lastKnownFileType = sourcecode.c.objc; name = main.m; path = "Miscellany News/main.m"; sourceTree = "<group>"; };
		D51626DD13F86C7D00BDB710 /* Miscellany News-Prefix.pch */ = {isa = PBXFileReference; lastKnownFileType = sourcecode.c.h; name = "Miscellany News-Prefix.pch"; path = "Miscellany News/Miscellany News-Prefix.pch"; sourceTree = "<group>"; };
		D51626DE13F86C7D00BDB710 /* Miscellany_NewsAppDelegate.h */ = {isa = PBXFileReference; lastKnownFileType = sourcecode.c.h; name = Miscellany_NewsAppDelegate.h; path = "Miscellany News/Miscellany_NewsAppDelegate.h"; sourceTree = "<group>"; };
		D51626DF13F86C7D00BDB710 /* Miscellany_NewsAppDelegate.m */ = {isa = PBXFileReference; lastKnownFileType = sourcecode.c.objc; name = Miscellany_NewsAppDelegate.m; path = "Miscellany News/Miscellany_NewsAppDelegate.m"; sourceTree = "<group>"; };
		D51626E213F86C7D00BDB710 /* Miscellany_News.xcdatamodel */ = {isa = PBXFileReference; lastKnownFileType = wrapper.xcdatamodel; path = Miscellany_News.xcdatamodel; sourceTree = "<group>"; };
		D51626E513F86C7D00BDB710 /* en */ = {isa = PBXFileReference; lastKnownFileType = file.xib; name = en; path = en.lproj/MainWindow.xib; sourceTree = "<group>"; };
		D51626E713F86C7D00BDB710 /* RootViewController.h */ = {isa = PBXFileReference; lastKnownFileType = sourcecode.c.h; name = RootViewController.h; path = "Miscellany News/RootViewController.h"; sourceTree = "<group>"; };
		D51626E813F86C7D00BDB710 /* RootViewController.m */ = {isa = PBXFileReference; lastKnownFileType = sourcecode.c.objc; name = RootViewController.m; path = "Miscellany News/RootViewController.m"; sourceTree = "<group>"; };
		D51626EB13F86C7D00BDB710 /* en */ = {isa = PBXFileReference; lastKnownFileType = file.xib; name = en; path = en.lproj/RootViewController.xib; sourceTree = "<group>"; };
		D516273E13F88F9000BDB710 /* RSSEntry.h */ = {isa = PBXFileReference; fileEncoding = 4; lastKnownFileType = sourcecode.c.h; name = RSSEntry.h; path = "Miscellany News/RSS Model/RSSEntry.h"; sourceTree = "<group>"; };
		D516273F13F88F9000BDB710 /* RSSEntry.m */ = {isa = PBXFileReference; fileEncoding = 4; lastKnownFileType = sourcecode.c.objc; name = RSSEntry.m; path = "Miscellany News/RSS Model/RSSEntry.m"; sourceTree = "<group>"; };
		D51627BA13F8B98A00BDB710 /* NSArray+Extras.h */ = {isa = PBXFileReference; fileEncoding = 4; lastKnownFileType = sourcecode.c.h; name = "NSArray+Extras.h"; path = "Miscellany News/NSArray+Extras.h"; sourceTree = "<group>"; };
		D51627BB13F8B98A00BDB710 /* NSArray+Extras.m */ = {isa = PBXFileReference; fileEncoding = 4; lastKnownFileType = sourcecode.c.objc; name = "NSArray+Extras.m"; path = "Miscellany News/NSArray+Extras.m"; sourceTree = "<group>"; };
		D51627BF13F8B9F100BDB710 /* GTMDefines.h */ = {isa = PBXFileReference; fileEncoding = 4; lastKnownFileType = sourcecode.c.h; path = GTMDefines.h; sourceTree = "<group>"; };
		D51627C013F8B9F100BDB710 /* GTMNSString+HTML.h */ = {isa = PBXFileReference; fileEncoding = 4; lastKnownFileType = sourcecode.c.h; path = "GTMNSString+HTML.h"; sourceTree = "<group>"; };
		D51627C113F8B9F100BDB710 /* GTMNSString+HTML.m */ = {isa = PBXFileReference; fileEncoding = 4; lastKnownFileType = sourcecode.c.objc; path = "GTMNSString+HTML.m"; sourceTree = "<group>"; };
		D51627C213F8B9F100BDB710 /* NSDate+InternetDateTime.h */ = {isa = PBXFileReference; fileEncoding = 4; lastKnownFileType = sourcecode.c.h; path = "NSDate+InternetDateTime.h"; sourceTree = "<group>"; };
		D51627C313F8B9F100BDB710 /* NSDate+InternetDateTime.m */ = {isa = PBXFileReference; fileEncoding = 4; lastKnownFileType = sourcecode.c.objc; path = "NSDate+InternetDateTime.m"; sourceTree = "<group>"; };
		D51627C413F8B9F100BDB710 /* NSString+HTML.h */ = {isa = PBXFileReference; fileEncoding = 4; lastKnownFileType = sourcecode.c.h; path = "NSString+HTML.h"; sourceTree = "<group>"; };
		D51627C513F8B9F100BDB710 /* NSString+HTML.m */ = {isa = PBXFileReference; fileEncoding = 4; lastKnownFileType = sourcecode.c.objc; path = "NSString+HTML.m"; sourceTree = "<group>"; };
		D51627C613F8B9F100BDB710 /* NSString+XMLEntities.h */ = {isa = PBXFileReference; fileEncoding = 4; lastKnownFileType = sourcecode.c.h; path = "NSString+XMLEntities.h"; sourceTree = "<group>"; };
		D51627C713F8B9F100BDB710 /* NSString+XMLEntities.m */ = {isa = PBXFileReference; fileEncoding = 4; lastKnownFileType = sourcecode.c.objc; path = "NSString+XMLEntities.m"; sourceTree = "<group>"; };
		D51627C813F8B9F100BDB710 /* MWFeedInfo.h */ = {isa = PBXFileReference; fileEncoding = 4; lastKnownFileType = sourcecode.c.h; path = MWFeedInfo.h; sourceTree = "<group>"; };
		D51627C913F8B9F100BDB710 /* MWFeedInfo.m */ = {isa = PBXFileReference; fileEncoding = 4; lastKnownFileType = sourcecode.c.objc; path = MWFeedInfo.m; sourceTree = "<group>"; };
		D51627CA13F8B9F100BDB710 /* MWFeedItem.h */ = {isa = PBXFileReference; fileEncoding = 4; lastKnownFileType = sourcecode.c.h; path = MWFeedItem.h; sourceTree = "<group>"; };
		D51627CB13F8B9F100BDB710 /* MWFeedItem.m */ = {isa = PBXFileReference; fileEncoding = 4; lastKnownFileType = sourcecode.c.objc; path = MWFeedItem.m; sourceTree = "<group>"; };
		D51627CC13F8B9F100BDB710 /* MWFeedParser.h */ = {isa = PBXFileReference; fileEncoding = 4; lastKnownFileType = sourcecode.c.h; path = MWFeedParser.h; sourceTree = "<group>"; };
		D51627CD13F8B9F100BDB710 /* MWFeedParser.m */ = {isa = PBXFileReference; fileEncoding = 4; lastKnownFileType = sourcecode.c.objc; path = MWFeedParser.m; sourceTree = "<group>"; };
		D51627CE13F8B9F100BDB710 /* MWFeedParser_Private.h */ = {isa = PBXFileReference; fileEncoding = 4; lastKnownFileType = sourcecode.c.h; path = MWFeedParser_Private.h; sourceTree = "<group>"; };
		D51627DA13F8C16D00BDB710 /* TFHpple.h */ = {isa = PBXFileReference; fileEncoding = 4; lastKnownFileType = sourcecode.c.h; path = TFHpple.h; sourceTree = "<group>"; };
		D51627DB13F8C16D00BDB710 /* TFHpple.m */ = {isa = PBXFileReference; fileEncoding = 4; lastKnownFileType = sourcecode.c.objc; path = TFHpple.m; sourceTree = "<group>"; };
		D51627DC13F8C16D00BDB710 /* TFHppleElement.h */ = {isa = PBXFileReference; fileEncoding = 4; lastKnownFileType = sourcecode.c.h; path = TFHppleElement.h; sourceTree = "<group>"; };
		D51627DD13F8C16D00BDB710 /* TFHppleElement.m */ = {isa = PBXFileReference; fileEncoding = 4; lastKnownFileType = sourcecode.c.objc; path = TFHppleElement.m; sourceTree = "<group>"; };
		D51627DE13F8C16D00BDB710 /* XPathQuery.h */ = {isa = PBXFileReference; fileEncoding = 4; lastKnownFileType = sourcecode.c.h; path = XPathQuery.h; sourceTree = "<group>"; };
		D51627DF13F8C16D00BDB710 /* XPathQuery.m */ = {isa = PBXFileReference; fileEncoding = 4; lastKnownFileType = sourcecode.c.objc; path = XPathQuery.m; sourceTree = "<group>"; };
		D51627E413F8C2CE00BDB710 /* libxml2.2.dylib */ = {isa = PBXFileReference; lastKnownFileType = "compiled.mach-o.dylib"; name = libxml2.2.dylib; path = usr/lib/libxml2.2.dylib; sourceTree = SDKROOT; };
		D51627EA13F8C80100BDB710 /* RSSArticleParser.h */ = {isa = PBXFileReference; fileEncoding = 4; lastKnownFileType = sourcecode.c.h; name = RSSArticleParser.h; path = "Miscellany News/RSS Model/RSSArticleParser.h"; sourceTree = "<group>"; };
		D51627ED13F8C9BD00BDB710 /* MBProgressHUD.h */ = {isa = PBXFileReference; fileEncoding = 4; lastKnownFileType = sourcecode.c.h; path = MBProgressHUD.h; sourceTree = "<group>"; };
		D51627EE13F8C9BD00BDB710 /* MBProgressHUD.m */ = {isa = PBXFileReference; fileEncoding = 4; lastKnownFileType = sourcecode.c.objc; path = MBProgressHUD.m; sourceTree = "<group>"; };
		D5204FAC13F9460A008974FF /* QuartzCore.framework */ = {isa = PBXFileReference; lastKnownFileType = wrapper.framework; name = QuartzCore.framework; path = System/Library/Frameworks/QuartzCore.framework; sourceTree = SDKROOT; };
		D52F153B140173F000E5C1D2 /* background.png */ = {isa = PBXFileReference; lastKnownFileType = image.png; name = background.png; path = "Miscellany News/Images/background.png"; sourceTree = "<group>"; };
		D52F153C140173F000E5C1D2 /* Default.png */ = {isa = PBXFileReference; lastKnownFileType = image.png; name = Default.png; path = "Miscellany News/Images/Default.png"; sourceTree = "<group>"; };
		D52F153D140173F000E5C1D2 /* Default@2x.png */ = {isa = PBXFileReference; lastKnownFileType = image.png; name = "Default@2x.png"; path = "Miscellany News/Images/Default@2x.png"; sourceTree = "<group>"; };
		D52F153E140173F000E5C1D2 /* misc_iphone.png */ = {isa = PBXFileReference; lastKnownFileType = image.png; name = misc_iphone.png; path = "Miscellany News/Images/misc_iphone.png"; sourceTree = "<group>"; };
		D52F153F140173F000E5C1D2 /* misc_iphone@2x.png */ = {isa = PBXFileReference; lastKnownFileType = image.png; name = "misc_iphone@2x.png"; path = "Miscellany News/Images/misc_iphone@2x.png"; sourceTree = "<group>"; };
		D5AAE35D13FC0F1F0056EE4D /* UIView+JMNoise.h */ = {isa = PBXFileReference; fileEncoding = 4; lastKnownFileType = sourcecode.c.h; path = "UIView+JMNoise.h"; sourceTree = "<group>"; };
		D5AAE35E13FC0F1F0056EE4D /* UIView+JMNoise.m */ = {isa = PBXFileReference; fileEncoding = 4; lastKnownFileType = sourcecode.c.objc; path = "UIView+JMNoise.m"; sourceTree = "<group>"; };
		D5AAE36013FC0FB10056EE4D /* ArticleViewController.h */ = {isa = PBXFileReference; fileEncoding = 4; lastKnownFileType = sourcecode.c.h; name = ArticleViewController.h; path = "Miscellany News/ArticleViewController.h"; sourceTree = "<group>"; };
		D5AAE36113FC0FB10056EE4D /* ArticleViewController.m */ = {isa = PBXFileReference; fileEncoding = 4; lastKnownFileType = sourcecode.c.objc; name = ArticleViewController.m; path = "Miscellany News/ArticleViewController.m"; sourceTree = "<group>"; };
		D5AAE36213FC0FB10056EE4D /* ArticleViewController.xib */ = {isa = PBXFileReference; fileEncoding = 4; lastKnownFileType = file.xib; name = ArticleViewController.xib; path = "Miscellany News/ArticleViewController.xib"; sourceTree = "<group>"; };
		D5AAE36513FC11920056EE4D /* NSString+JDS.h */ = {isa = PBXFileReference; fileEncoding = 4; lastKnownFileType = sourcecode.c.h; name = "NSString+JDS.h"; path = "Miscellany News/NSString+JDS.h"; sourceTree = "<group>"; };
		D5AAE36613FC11920056EE4D /* NSString+JDS.m */ = {isa = PBXFileReference; fileEncoding = 4; lastKnownFileType = sourcecode.c.objc; name = "NSString+JDS.m"; path = "Miscellany News/NSString+JDS.m"; sourceTree = "<group>"; };
		D5C20A9013FEBE0900420DFC /* Constants.h */ = {isa = PBXFileReference; fileEncoding = 4; lastKnownFileType = sourcecode.c.h; name = Constants.h; path = "Miscellany News/Constants.h"; sourceTree = "<group>"; };
		D5C20A9113FEBE0900420DFC /* Constants.m */ = {isa = PBXFileReference; fileEncoding = 4; lastKnownFileType = sourcecode.c.objc; name = Constants.m; path = "Miscellany News/Constants.m"; sourceTree = "<group>"; };
		D5F06B9614009CF400C1BD77 /* EGOCache.h */ = {isa = PBXFileReference; fileEncoding = 4; lastKnownFileType = sourcecode.c.h; path = EGOCache.h; sourceTree = "<group>"; };
		D5F06B9714009CF400C1BD77 /* EGOCache.m */ = {isa = PBXFileReference; fileEncoding = 4; lastKnownFileType = sourcecode.c.objc; path = EGOCache.m; sourceTree = "<group>"; };
		D5F06B9C14009CF400C1BD77 /* EGOImageLoadConnection.h */ = {isa = PBXFileReference; fileEncoding = 4; lastKnownFileType = sourcecode.c.h; path = EGOImageLoadConnection.h; sourceTree = "<group>"; };
		D5F06B9D14009CF400C1BD77 /* EGOImageLoadConnection.m */ = {isa = PBXFileReference; fileEncoding = 4; lastKnownFileType = sourcecode.c.objc; path = EGOImageLoadConnection.m; sourceTree = "<group>"; };
		D5F06B9E14009CF400C1BD77 /* EGOImageLoader.h */ = {isa = PBXFileReference; fileEncoding = 4; lastKnownFileType = sourcecode.c.h; path = EGOImageLoader.h; sourceTree = "<group>"; };
		D5F06B9F14009CF400C1BD77 /* EGOImageLoader.m */ = {isa = PBXFileReference; fileEncoding = 4; lastKnownFileType = sourcecode.c.objc; path = EGOImageLoader.m; sourceTree = "<group>"; };
		D5F06BA114009CF400C1BD77 /* EGOImageView.h */ = {isa = PBXFileReference; fileEncoding = 4; lastKnownFileType = sourcecode.c.h; path = EGOImageView.h; sourceTree = "<group>"; };
		D5F06BA214009CF400C1BD77 /* EGOImageView.m */ = {isa = PBXFileReference; fileEncoding = 4; lastKnownFileType = sourcecode.c.objc; path = EGOImageView.m; sourceTree = "<group>"; };
		D5F06BA91400A30000C1BD77 /* UIImage+ProportionalFill.h */ = {isa = PBXFileReference; fileEncoding = 4; lastKnownFileType = sourcecode.c.h; path = "UIImage+ProportionalFill.h"; sourceTree = "<group>"; };
		D5F06BAA1400A30000C1BD77 /* UIImage+ProportionalFill.m */ = {isa = PBXFileReference; fileEncoding = 4; lastKnownFileType = sourcecode.c.objc; path = "UIImage+ProportionalFill.m"; sourceTree = "<group>"; };
		D5F0B8CC13FBB2C20004D6F0 /* RSSArticleParser.m */ = {isa = PBXFileReference; fileEncoding = 4; lastKnownFileType = sourcecode.c.objc; name = RSSArticleParser.m; path = "Miscellany News/RSS Model/RSSArticleParser.m"; sourceTree = "<group>"; };
/* End PBXFileReference section */

/* Begin PBXFrameworksBuildPhase section */
		D51626C613F86C7D00BDB710 /* Frameworks */ = {
			isa = PBXFrameworksBuildPhase;
			buildActionMask = 2147483647;
			files = (
				D50892A81403FEF1001992B9 /* libz.1.1.3.dylib in Frameworks */,
				D51627E513F8C2CE00BDB710 /* libxml2.2.dylib in Frameworks */,
				D50892A61403FEEC001992B9 /* MobileCoreServices.framework in Frameworks */,
				D50892A41403FEE5001992B9 /* SystemConfiguration.framework in Frameworks */,
				D50892A21403FEDD001992B9 /* CFNetwork.framework in Frameworks */,
				D5204FAD13F9460A008974FF /* QuartzCore.framework in Frameworks */,
				D51626CE13F86C7D00BDB710 /* UIKit.framework in Frameworks */,
				D51626D013F86C7D00BDB710 /* Foundation.framework in Frameworks */,
				D51626D213F86C7D00BDB710 /* CoreGraphics.framework in Frameworks */,
				D51626D413F86C7D00BDB710 /* CoreData.framework in Frameworks */,
			);
			runOnlyForDeploymentPostprocessing = 0;
		};
/* End PBXFrameworksBuildPhase section */

/* Begin PBXGroup section */
		D508929C1403FEB1001992B9 /* ASIHTTPRequest */ = {
			isa = PBXGroup;
			children = (
				D508929D1403FEC4001992B9 /* Reachability */,
				D508927F1403FEAC001992B9 /* ASIAuthenticationDialog.h */,
				D50892801403FEAC001992B9 /* ASIAuthenticationDialog.m */,
				D50892811403FEAC001992B9 /* ASICacheDelegate.h */,
				D50892821403FEAC001992B9 /* ASIDataCompressor.h */,
				D50892831403FEAC001992B9 /* ASIDataCompressor.m */,
				D50892841403FEAC001992B9 /* ASIDataDecompressor.h */,
				D50892851403FEAC001992B9 /* ASIDataDecompressor.m */,
				D50892861403FEAC001992B9 /* ASIDownloadCache.h */,
				D50892871403FEAC001992B9 /* ASIDownloadCache.m */,
				D50892881403FEAC001992B9 /* ASIFormDataRequest.h */,
				D50892891403FEAC001992B9 /* ASIFormDataRequest.m */,
				D508928A1403FEAC001992B9 /* ASIHTTPRequest.h */,
				D508928B1403FEAC001992B9 /* ASIHTTPRequest.m */,
				D508928C1403FEAC001992B9 /* ASIHTTPRequestConfig.h */,
				D508928D1403FEAC001992B9 /* ASIHTTPRequestDelegate.h */,
				D508928E1403FEAC001992B9 /* ASIInputStream.h */,
				D508928F1403FEAC001992B9 /* ASIInputStream.m */,
				D50892901403FEAC001992B9 /* ASINetworkQueue.h */,
				D50892911403FEAC001992B9 /* ASINetworkQueue.m */,
				D50892921403FEAC001992B9 /* ASIProgressDelegate.h */,
			);
			name = ASIHTTPRequest;
			sourceTree = "<group>";
		};
		D508929D1403FEC4001992B9 /* Reachability */ = {
			isa = PBXGroup;
			children = (
				D508929E1403FEC4001992B9 /* Reachability.h */,
				D508929F1403FEC4001992B9 /* Reachability.m */,
			);
			path = Reachability;
			sourceTree = "<group>";
		};
		D50892D41403FFC4001992B9 /* Source */ = {
			isa = PBXGroup;
			children = (
				D50892D51403FFC4001992B9 /* Creation */,
				D50892DA1403FFC4001992B9 /* CXHTMLDocument.h */,
				D50892DB1403FFC4001992B9 /* CXHTMLDocument.m */,
				D50892DC1403FFC4001992B9 /* CXMLDocument.h */,
				D50892DD1403FFC4001992B9 /* CXMLDocument.m */,
				D50892DE1403FFC4001992B9 /* CXMLDocument_PrivateExtensions.h */,
				D50892DF1403FFC4001992B9 /* CXMLDocument_PrivateExtensions.m */,
				D50892E01403FFC4001992B9 /* CXMLElement.h */,
				D50892E11403FFC4001992B9 /* CXMLElement.m */,
				D50892E21403FFC4001992B9 /* CXMLElement_CreationExtensions.h */,
				D50892E31403FFC4001992B9 /* CXMLElement_CreationExtensions.m */,
				D50892E41403FFC4001992B9 /* CXMLElement_ElementTreeExtensions.h */,
				D50892E51403FFC4001992B9 /* CXMLElement_ElementTreeExtensions.m */,
				D50892E61403FFC4001992B9 /* CXMLNamespaceNode.h */,
				D50892E71403FFC4001992B9 /* CXMLNamespaceNode.m */,
				D50892E81403FFC4001992B9 /* CXMLNode.h */,
				D50892E91403FFC4001992B9 /* CXMLNode.m */,
				D50892EA1403FFC4001992B9 /* CXMLNode_PrivateExtensions.h */,
				D50892EB1403FFC4001992B9 /* CXMLNode_PrivateExtensions.m */,
				D50892EC1403FFC4001992B9 /* CXMLNode_XPathExtensions.h */,
				D50892ED1403FFC4001992B9 /* CXMLNode_XPathExtensions.m */,
				D50892EE1403FFC4001992B9 /* Tidy */,
				D50892F11403FFC4001992B9 /* TouchXML.h */,
			);
			path = Source;
			sourceTree = "<group>";
		};
		D50892D51403FFC4001992B9 /* Creation */ = {
			isa = PBXGroup;
			children = (
				D50892D61403FFC4001992B9 /* CXMLDocument_CreationExtensions.h */,
				D50892D71403FFC4001992B9 /* CXMLDocument_CreationExtensions.m */,
				D50892D81403FFC4001992B9 /* CXMLNode_CreationExtensions.h */,
				D50892D91403FFC4001992B9 /* CXMLNode_CreationExtensions.m */,
			);
			path = Creation;
			sourceTree = "<group>";
		};
		D50892EE1403FFC4001992B9 /* Tidy */ = {
			isa = PBXGroup;
			children = (
				D50892EF1403FFC4001992B9 /* CTidy.h */,
				D50892F01403FFC4001992B9 /* CTidy.m */,
			);
			path = Tidy;
			sourceTree = "<group>";
		};
		D51626BE13F86C7D00BDB710 = {
			isa = PBXGroup;
			children = (
				D51627E313F8C17C00BDB710 /* Libraries */,
				D516276913F8ACE300BDB710 /* Categories */,
				D516271313F8867F00BDB710 /* RSS Model */,
				D516271213F8867100BDB710 /* Views */,
				D516271113F8865000BDB710 /* Controllers */,
				D516270913F884A300BDB710 /* Classes */,
				D516270A13F884B700BDB710 /* Other Sources */,
				D516270B13F884C100BDB710 /* Resources */,
				D51626CC13F86C7D00BDB710 /* Frameworks */,
				D51626CA13F86C7D00BDB710 /* Products */,
			);
			sourceTree = "<group>";
		};
		D51626CA13F86C7D00BDB710 /* Products */ = {
			isa = PBXGroup;
			children = (
				D51626C913F86C7D00BDB710 /* Miscellany News.app */,
			);
			name = Products;
			sourceTree = "<group>";
		};
		D51626CC13F86C7D00BDB710 /* Frameworks */ = {
			isa = PBXGroup;
			children = (
				D50892A71403FEF1001992B9 /* libz.1.1.3.dylib */,
				D51627E413F8C2CE00BDB710 /* libxml2.2.dylib */,
				D50892A11403FEDD001992B9 /* CFNetwork.framework */,
				D50892A31403FEE5001992B9 /* SystemConfiguration.framework */,
				D50892A51403FEEC001992B9 /* MobileCoreServices.framework */,
				D5204FAC13F9460A008974FF /* QuartzCore.framework */,
				D51626CD13F86C7D00BDB710 /* UIKit.framework */,
				D51626CF13F86C7D00BDB710 /* Foundation.framework */,
				D51626D113F86C7D00BDB710 /* CoreGraphics.framework */,
				D51626D313F86C7D00BDB710 /* CoreData.framework */,
			);
			name = Frameworks;
			sourceTree = "<group>";
		};
		D516270913F884A300BDB710 /* Classes */ = {
			isa = PBXGroup;
			children = (
				D5C20A9013FEBE0900420DFC /* Constants.h */,
				D5C20A9113FEBE0900420DFC /* Constants.m */,
				D51626DE13F86C7D00BDB710 /* Miscellany_NewsAppDelegate.h */,
				D51626DF13F86C7D00BDB710 /* Miscellany_NewsAppDelegate.m */,
			);
			name = Classes;
			sourceTree = "<group>";
		};
		D516270A13F884B700BDB710 /* Other Sources */ = {
			isa = PBXGroup;
			children = (
				D51626E113F86C7D00BDB710 /* Miscellany_News.xcdatamodeld */,
				D51626DB13F86C7D00BDB710 /* main.m */,
				D51626DD13F86C7D00BDB710 /* Miscellany News-Prefix.pch */,
			);
			name = "Other Sources";
			sourceTree = "<group>";
		};
		D516270B13F884C100BDB710 /* Resources */ = {
			isa = PBXGroup;
			children = (
				D52F153B140173F000E5C1D2 /* background.png */,
				D52F153C140173F000E5C1D2 /* Default.png */,
				D52F153D140173F000E5C1D2 /* Default@2x.png */,
				D52F153E140173F000E5C1D2 /* misc_iphone.png */,
				D52F153F140173F000E5C1D2 /* misc_iphone@2x.png */,
				D51626D713F86C7D00BDB710 /* Miscellany News-Info.plist */,
				D51626D813F86C7D00BDB710 /* InfoPlist.strings */,
			);
			name = Resources;
			sourceTree = "<group>";
		};
		D516271113F8865000BDB710 /* Controllers */ = {
			isa = PBXGroup;
			children = (
				D51626E713F86C7D00BDB710 /* RootViewController.h */,
				D51626E813F86C7D00BDB710 /* RootViewController.m */,
				D51626EA13F86C7D00BDB710 /* RootViewController.xib */,
				D5AAE36013FC0FB10056EE4D /* ArticleViewController.h */,
				D5AAE36113FC0FB10056EE4D /* ArticleViewController.m */,
				D5AAE36213FC0FB10056EE4D /* ArticleViewController.xib */,
			);
			name = Controllers;
			sourceTree = "<group>";
		};
		D516271213F8867100BDB710 /* Views */ = {
			isa = PBXGroup;
			children = (
				D51626E413F86C7D00BDB710 /* MainWindow.xib */,
			);
			name = Views;
			sourceTree = "<group>";
		};
		D516271313F8867F00BDB710 /* RSS Model */ = {
			isa = PBXGroup;
			children = (
				D51627EA13F8C80100BDB710 /* RSSArticleParser.h */,
				D5F0B8CC13FBB2C20004D6F0 /* RSSArticleParser.m */,
				D516273E13F88F9000BDB710 /* RSSEntry.h */,
				D516273F13F88F9000BDB710 /* RSSEntry.m */,
			);
			name = "RSS Model";
			sourceTree = "<group>";
		};
		D516276913F8ACE300BDB710 /* Categories */ = {
			isa = PBXGroup;
			children = (
				D5AAE36513FC11920056EE4D /* NSString+JDS.h */,
				D5AAE36613FC11920056EE4D /* NSString+JDS.m */,
				D51627BA13F8B98A00BDB710 /* NSArray+Extras.h */,
				D51627BB13F8B98A00BDB710 /* NSArray+Extras.m */,
			);
			name = Categories;
			sourceTree = "<group>";
		};
		D51627BD13F8B9F100BDB710 /* MWFeedParser */ = {
			isa = PBXGroup;
			children = (
				D51627BE13F8B9F100BDB710 /* Categories */,
				D51627C813F8B9F100BDB710 /* MWFeedInfo.h */,
				D51627C913F8B9F100BDB710 /* MWFeedInfo.m */,
				D51627CA13F8B9F100BDB710 /* MWFeedItem.h */,
				D51627CB13F8B9F100BDB710 /* MWFeedItem.m */,
				D51627CC13F8B9F100BDB710 /* MWFeedParser.h */,
				D51627CD13F8B9F100BDB710 /* MWFeedParser.m */,
				D51627CE13F8B9F100BDB710 /* MWFeedParser_Private.h */,
			);
			name = MWFeedParser;
			path = "Miscellany News/MWFeedParser";
			sourceTree = "<group>";
		};
		D51627BE13F8B9F100BDB710 /* Categories */ = {
			isa = PBXGroup;
			children = (
				D51627BF13F8B9F100BDB710 /* GTMDefines.h */,
				D51627C013F8B9F100BDB710 /* GTMNSString+HTML.h */,
				D51627C113F8B9F100BDB710 /* GTMNSString+HTML.m */,
				D51627C213F8B9F100BDB710 /* NSDate+InternetDateTime.h */,
				D51627C313F8B9F100BDB710 /* NSDate+InternetDateTime.m */,
				D51627C413F8B9F100BDB710 /* NSString+HTML.h */,
				D51627C513F8B9F100BDB710 /* NSString+HTML.m */,
				D51627C613F8B9F100BDB710 /* NSString+XMLEntities.h */,
				D51627C713F8B9F100BDB710 /* NSString+XMLEntities.m */,
			);
			path = Categories;
			sourceTree = "<group>";
		};
		D51627D913F8C16D00BDB710 /* hpple */ = {
			isa = PBXGroup;
			children = (
				D51627DA13F8C16D00BDB710 /* TFHpple.h */,
				D51627DB13F8C16D00BDB710 /* TFHpple.m */,
				D51627DC13F8C16D00BDB710 /* TFHppleElement.h */,
				D51627DD13F8C16D00BDB710 /* TFHppleElement.m */,
				D51627DE13F8C16D00BDB710 /* XPathQuery.h */,
				D51627DF13F8C16D00BDB710 /* XPathQuery.m */,
			);
			name = hpple;
			path = "Miscellany News/hpple";
			sourceTree = "<group>";
		};
		D51627E313F8C17C00BDB710 /* Libraries */ = {
			isa = PBXGroup;
			children = (
				D50892D41403FFC4001992B9 /* Source */,
				D508929C1403FEB1001992B9 /* ASIHTTPRequest */,
				D5F06BA81400A2FF00C1BD77 /* MGImageUtilities */,
				D5F06B9414009CF400C1BD77 /* EGOImageLoading */,
				D5AAE35C13FC0F1F0056EE4D /* JMNoise */,
				D51627E613F8C60D00BDB710 /* MBProgressHUD */,
				D51627D913F8C16D00BDB710 /* hpple */,
				D51627BD13F8B9F100BDB710 /* MWFeedParser */,
			);
			name = Libraries;
			sourceTree = "<group>";
		};
		D51627E613F8C60D00BDB710 /* MBProgressHUD */ = {
			isa = PBXGroup;
			children = (
				D51627ED13F8C9BD00BDB710 /* MBProgressHUD.h */,
				D51627EE13F8C9BD00BDB710 /* MBProgressHUD.m */,
			);
			name = MBProgressHUD;
			path = "Miscellany News/MBProgressHUD";
			sourceTree = "<group>";
		};
		D5AAE35C13FC0F1F0056EE4D /* JMNoise */ = {
			isa = PBXGroup;
			children = (
				D5AAE35D13FC0F1F0056EE4D /* UIView+JMNoise.h */,
				D5AAE35E13FC0F1F0056EE4D /* UIView+JMNoise.m */,
			);
			name = JMNoise;
			path = "Miscellany News/JMNoise";
			sourceTree = "<group>";
		};
		D5F06B9414009CF400C1BD77 /* EGOImageLoading */ = {
			isa = PBXGroup;
			children = (
				D5F06B9514009CF400C1BD77 /* EGOCache */,
				D5F06B9B14009CF400C1BD77 /* EGOImageLoader */,
				D5F06BA014009CF400C1BD77 /* EGOImageView */,
			);
			name = EGOImageLoading;
			path = "Miscellany News/EGOImageLoading";
			sourceTree = "<group>";
		};
		D5F06B9514009CF400C1BD77 /* EGOCache */ = {
			isa = PBXGroup;
			children = (
				D5F06B9614009CF400C1BD77 /* EGOCache.h */,
				D5F06B9714009CF400C1BD77 /* EGOCache.m */,
			);
			path = EGOCache;
			sourceTree = "<group>";
		};
		D5F06B9B14009CF400C1BD77 /* EGOImageLoader */ = {
			isa = PBXGroup;
			children = (
				D5F06B9C14009CF400C1BD77 /* EGOImageLoadConnection.h */,
				D5F06B9D14009CF400C1BD77 /* EGOImageLoadConnection.m */,
				D5F06B9E14009CF400C1BD77 /* EGOImageLoader.h */,
				D5F06B9F14009CF400C1BD77 /* EGOImageLoader.m */,
			);
			path = EGOImageLoader;
			sourceTree = "<group>";
		};
		D5F06BA014009CF400C1BD77 /* EGOImageView */ = {
			isa = PBXGroup;
			children = (
				D5F06BA114009CF400C1BD77 /* EGOImageView.h */,
				D5F06BA214009CF400C1BD77 /* EGOImageView.m */,
			);
			path = EGOImageView;
			sourceTree = "<group>";
		};
		D5F06BA81400A2FF00C1BD77 /* MGImageUtilities */ = {
			isa = PBXGroup;
			children = (
				D5F06BA91400A30000C1BD77 /* UIImage+ProportionalFill.h */,
				D5F06BAA1400A30000C1BD77 /* UIImage+ProportionalFill.m */,
			);
			name = MGImageUtilities;
			path = "Miscellany News/MGImageUtilities";
			sourceTree = "<group>";
		};
/* End PBXGroup section */

/* Begin PBXNativeTarget section */
		D51626C813F86C7D00BDB710 /* Miscellany News */ = {
			isa = PBXNativeTarget;
			buildConfigurationList = D51626EF13F86C7D00BDB710 /* Build configuration list for PBXNativeTarget "Miscellany News" */;
			buildPhases = (
				D51626C513F86C7D00BDB710 /* Sources */,
				D51626C613F86C7D00BDB710 /* Frameworks */,
				D51626C713F86C7D00BDB710 /* Resources */,
			);
			buildRules = (
			);
			dependencies = (
			);
			name = "Miscellany News";
			productName = "Miscellany News";
			productReference = D51626C913F86C7D00BDB710 /* Miscellany News.app */;
			productType = "com.apple.product-type.application";
		};
/* End PBXNativeTarget section */

/* Begin PBXProject section */
		D51626C013F86C7D00BDB710 /* Project object */ = {
			isa = PBXProject;
			attributes = {
				LastUpgradeCheck = 0420;
				ORGANIZATIONNAME = "Vassar College";
			};
			buildConfigurationList = D51626C313F86C7D00BDB710 /* Build configuration list for PBXProject "Miscellany News" */;
			compatibilityVersion = "Xcode 3.2";
			developmentRegion = English;
			hasScannedForEncodings = 0;
			knownRegions = (
				en,
			);
			mainGroup = D51626BE13F86C7D00BDB710;
			productRefGroup = D51626CA13F86C7D00BDB710 /* Products */;
			projectDirPath = "";
			projectRoot = "";
			targets = (
				D51626C813F86C7D00BDB710 /* Miscellany News */,
			);
		};
/* End PBXProject section */

/* Begin PBXResourcesBuildPhase section */
		D51626C713F86C7D00BDB710 /* Resources */ = {
			isa = PBXResourcesBuildPhase;
			buildActionMask = 2147483647;
			files = (
				D51626DA13F86C7D00BDB710 /* InfoPlist.strings in Resources */,
				D51626E613F86C7D00BDB710 /* MainWindow.xib in Resources */,
				D51626EC13F86C7D00BDB710 /* RootViewController.xib in Resources */,
				D5AAE36413FC0FB10056EE4D /* ArticleViewController.xib in Resources */,
				D52F1540140173F000E5C1D2 /* background.png in Resources */,
				D52F1541140173F000E5C1D2 /* Default.png in Resources */,
				D52F1542140173F000E5C1D2 /* Default@2x.png in Resources */,
				D52F1543140173F000E5C1D2 /* misc_iphone.png in Resources */,
				D52F1544140173F000E5C1D2 /* misc_iphone@2x.png in Resources */,
			);
			runOnlyForDeploymentPostprocessing = 0;
		};
/* End PBXResourcesBuildPhase section */

/* Begin PBXSourcesBuildPhase section */
		D51626C513F86C7D00BDB710 /* Sources */ = {
			isa = PBXSourcesBuildPhase;
			buildActionMask = 2147483647;
			files = (
				D51626DC13F86C7D00BDB710 /* main.m in Sources */,
				D51626E013F86C7D00BDB710 /* Miscellany_NewsAppDelegate.m in Sources */,
				D51626E313F86C7D00BDB710 /* Miscellany_News.xcdatamodeld in Sources */,
				D51626E913F86C7D00BDB710 /* RootViewController.m in Sources */,
				D516274013F88F9000BDB710 /* RSSEntry.m in Sources */,
				D51627BC13F8B98A00BDB710 /* NSArray+Extras.m in Sources */,
				D51627CF13F8B9F100BDB710 /* GTMNSString+HTML.m in Sources */,
				D51627D013F8B9F100BDB710 /* NSDate+InternetDateTime.m in Sources */,
				D51627D113F8B9F100BDB710 /* NSString+HTML.m in Sources */,
				D51627D213F8B9F100BDB710 /* NSString+XMLEntities.m in Sources */,
				D51627D313F8B9F100BDB710 /* MWFeedInfo.m in Sources */,
				D51627D413F8B9F100BDB710 /* MWFeedItem.m in Sources */,
				D51627D513F8B9F100BDB710 /* MWFeedParser.m in Sources */,
				D51627E013F8C16D00BDB710 /* TFHpple.m in Sources */,
				D51627E113F8C16D00BDB710 /* TFHppleElement.m in Sources */,
				D51627E213F8C16D00BDB710 /* XPathQuery.m in Sources */,
				D51627EF13F8C9BD00BDB710 /* MBProgressHUD.m in Sources */,
				D5F0B8CD13FBB2C20004D6F0 /* RSSArticleParser.m in Sources */,
				D5AAE35F13FC0F1F0056EE4D /* UIView+JMNoise.m in Sources */,
				D5AAE36313FC0FB10056EE4D /* ArticleViewController.m in Sources */,
				D5AAE36713FC11920056EE4D /* NSString+JDS.m in Sources */,
				D5C20A9213FEBE0900420DFC /* Constants.m in Sources */,
				D5F06BA314009CF400C1BD77 /* EGOCache.m in Sources */,
				D5F06BA514009CF400C1BD77 /* EGOImageLoadConnection.m in Sources */,
				D5F06BA614009CF400C1BD77 /* EGOImageLoader.m in Sources */,
				D5F06BA714009CF400C1BD77 /* EGOImageView.m in Sources */,
				D5F06BAB1400A30000C1BD77 /* UIImage+ProportionalFill.m in Sources */,
				D50892931403FEAC001992B9 /* ASIAuthenticationDialog.m in Sources */,
				D50892941403FEAC001992B9 /* ASIDataCompressor.m in Sources */,
				D50892951403FEAC001992B9 /* ASIDataDecompressor.m in Sources */,
				D50892961403FEAC001992B9 /* ASIDownloadCache.m in Sources */,
				D50892971403FEAC001992B9 /* ASIFormDataRequest.m in Sources */,
				D50892981403FEAC001992B9 /* ASIHTTPRequest.m in Sources */,
				D50892991403FEAC001992B9 /* ASIInputStream.m in Sources */,
				D508929A1403FEAC001992B9 /* ASINetworkQueue.m in Sources */,
				D50892A01403FEC4001992B9 /* Reachability.m in Sources */,
				D50892F21403FFC4001992B9 /* CXMLDocument_CreationExtensions.m in Sources */,
				D50892F31403FFC4001992B9 /* CXMLNode_CreationExtensions.m in Sources */,
				D50892F41403FFC4001992B9 /* CXHTMLDocument.m in Sources */,
				D50892F51403FFC4001992B9 /* CXMLDocument.m in Sources */,
				D50892F61403FFC4001992B9 /* CXMLDocument_PrivateExtensions.m in Sources */,
				D50892F71403FFC4001992B9 /* CXMLElement.m in Sources */,
				D50892F81403FFC4001992B9 /* CXMLElement_CreationExtensions.m in Sources */,
				D50892F91403FFC4001992B9 /* CXMLElement_ElementTreeExtensions.m in Sources */,
				D50892FA1403FFC4001992B9 /* CXMLNamespaceNode.m in Sources */,
				D50892FB1403FFC4001992B9 /* CXMLNode.m in Sources */,
				D50892FC1403FFC4001992B9 /* CXMLNode_PrivateExtensions.m in Sources */,
				D50892FD1403FFC4001992B9 /* CXMLNode_XPathExtensions.m in Sources */,
				D50892FE1403FFC4001992B9 /* CTidy.m in Sources */,
			);
			runOnlyForDeploymentPostprocessing = 0;
		};
/* End PBXSourcesBuildPhase section */

/* Begin PBXVariantGroup section */
		D51626D813F86C7D00BDB710 /* InfoPlist.strings */ = {
			isa = PBXVariantGroup;
			children = (
				D51626D913F86C7D00BDB710 /* en */,
			);
			name = InfoPlist.strings;
			path = "Miscellany News";
			sourceTree = "<group>";
		};
		D51626E413F86C7D00BDB710 /* MainWindow.xib */ = {
			isa = PBXVariantGroup;
			children = (
				D51626E513F86C7D00BDB710 /* en */,
			);
			name = MainWindow.xib;
			path = "Miscellany News";
			sourceTree = "<group>";
		};
		D51626EA13F86C7D00BDB710 /* RootViewController.xib */ = {
			isa = PBXVariantGroup;
			children = (
				D51626EB13F86C7D00BDB710 /* en */,
			);
			name = RootViewController.xib;
			path = "Miscellany News";
			sourceTree = "<group>";
		};
/* End PBXVariantGroup section */

/* Begin XCBuildConfiguration section */
		D51626ED13F86C7D00BDB710 /* Debug */ = {
			isa = XCBuildConfiguration;
			buildSettings = {
				ALWAYS_SEARCH_USER_PATHS = NO;
				ARCHS = "$(ARCHS_STANDARD_32_BIT)";
				CODE_SIGN_IDENTITY = "iPhone Developer: Jesse Stuart (AUE355A38S)";
				"CODE_SIGN_IDENTITY[sdk=iphoneos*]" = "iPhone Developer";
				COPY_PHASE_STRIP = NO;
				GCC_C_LANGUAGE_STANDARD = gnu99;
				GCC_DYNAMIC_NO_PIC = NO;
				GCC_OPTIMIZATION_LEVEL = 0;
				GCC_PREPROCESSOR_DEFINITIONS = (
					"DEBUG=1",
					"$(inherited)",
				);
				GCC_SYMBOLS_PRIVATE_EXTERN = NO;
				GCC_VERSION = com.apple.compilers.llvmgcc42;
				GCC_WARN_ABOUT_MISSING_PROTOTYPES = YES;
				GCC_WARN_ABOUT_RETURN_TYPE = YES;
				GCC_WARN_UNUSED_VARIABLE = YES;
				HEADER_SEARCH_PATHS = /usr/include/libxml2;
				IPHONEOS_DEPLOYMENT_TARGET = 4.3;
				PROVISIONING_PROFILE = "A35699D5-0AED-46DE-84EB-891B6936838C";
				SDKROOT = iphoneos;
			};
			name = Debug;
		};
		D51626EE13F86C7D00BDB710 /* Release */ = {
			isa = XCBuildConfiguration;
			buildSettings = {
				ALWAYS_SEARCH_USER_PATHS = NO;
				ARCHS = "$(ARCHS_STANDARD_32_BIT)";
				CODE_SIGN_IDENTITY = "iPhone Developer: Jesse Stuart (AUE355A38S)";
				"CODE_SIGN_IDENTITY[sdk=iphoneos*]" = "iPhone Developer";
				COPY_PHASE_STRIP = YES;
				GCC_C_LANGUAGE_STANDARD = gnu99;
				GCC_VERSION = com.apple.compilers.llvmgcc42;
				GCC_WARN_ABOUT_MISSING_PROTOTYPES = YES;
				GCC_WARN_ABOUT_RETURN_TYPE = YES;
				GCC_WARN_UNUSED_VARIABLE = YES;
				HEADER_SEARCH_PATHS = /usr/include/libxml2;
				IPHONEOS_DEPLOYMENT_TARGET = 4.3;
				OTHER_CFLAGS = "-DNS_BLOCK_ASSERTIONS=1";
				PROVISIONING_PROFILE = "A35699D5-0AED-46DE-84EB-891B6936838C";
				SDKROOT = iphoneos;
				VALIDATE_PRODUCT = YES;
			};
			name = Release;
		};
		D51626F013F86C7D00BDB710 /* Debug */ = {
			isa = XCBuildConfiguration;
			buildSettings = {
				GCC_PRECOMPILE_PREFIX_HEADER = YES;
				GCC_PREFIX_HEADER = "Miscellany News/Miscellany News-Prefix.pch";
				GCC_VERSION = com.apple.compilers.llvm.clang.1_0;
				INFOPLIST_FILE = "Miscellany News/Miscellany News-Info.plist";
				PRODUCT_NAME = "$(TARGET_NAME)";
				WRAPPER_EXTENSION = app;
			};
			name = Debug;
		};
		D51626F113F86C7D00BDB710 /* Release */ = {
			isa = XCBuildConfiguration;
			buildSettings = {
				GCC_PRECOMPILE_PREFIX_HEADER = YES;
				GCC_PREFIX_HEADER = "Miscellany News/Miscellany News-Prefix.pch";
				GCC_VERSION = com.apple.compilers.llvm.clang.1_0;
				INFOPLIST_FILE = "Miscellany News/Miscellany News-Info.plist";
				PRODUCT_NAME = "$(TARGET_NAME)";
				WRAPPER_EXTENSION = app;
			};
			name = Release;
		};
/* End XCBuildConfiguration section */

/* Begin XCConfigurationList section */
		D51626C313F86C7D00BDB710 /* Build configuration list for PBXProject "Miscellany News" */ = {
			isa = XCConfigurationList;
			buildConfigurations = (
				D51626ED13F86C7D00BDB710 /* Debug */,
				D51626EE13F86C7D00BDB710 /* Release */,
			);
			defaultConfigurationIsVisible = 0;
			defaultConfigurationName = Release;
		};
		D51626EF13F86C7D00BDB710 /* Build configuration list for PBXNativeTarget "Miscellany News" */ = {
			isa = XCConfigurationList;
			buildConfigurations = (
				D51626F013F86C7D00BDB710 /* Debug */,
				D51626F113F86C7D00BDB710 /* Release */,
			);
			defaultConfigurationIsVisible = 0;
			defaultConfigurationName = Release;
		};
/* End XCConfigurationList section */

/* Begin XCVersionGroup section */
		D51626E113F86C7D00BDB710 /* Miscellany_News.xcdatamodeld */ = {
			isa = XCVersionGroup;
			children = (
				D51626E213F86C7D00BDB710 /* Miscellany_News.xcdatamodel */,
			);
			currentVersion = D51626E213F86C7D00BDB710 /* Miscellany_News.xcdatamodel */;
			name = Miscellany_News.xcdatamodeld;
			path = "Miscellany News/Miscellany_News.xcdatamodeld";
			sourceTree = "<group>";
			versionGroupType = wrapper.xcdatamodel;
		};
/* End XCVersionGroup section */
	};
	rootObject = D51626C013F86C7D00BDB710 /* Project object */;
}
